// !$*UTF8*$!
{
	archiveVersion = 1;
	classes = {
	};
	objectVersion = 51;
	objects = {

/* Begin PBXBuildFile section */
		8E944583969CA439BD3060C0 /* Pods_Football_LeagueTests.framework in Frameworks */ = {isa = PBXBuildFile; fileRef = 24E0C836E81AB509E579BC3D /* Pods_Football_LeagueTests.framework */; };
		C521D5AE1D18E7F516EE52C9 /* Pods_Football_League.framework in Frameworks */ = {isa = PBXBuildFile; fileRef = 7DCC3963016067F72F11E300 /* Pods_Football_League.framework */; };
		E70114CD25765C550077BF03 /* SVG+UImageView.swift in Sources */ = {isa = PBXBuildFile; fileRef = E70114CC25765C550077BF03 /* SVG+UImageView.swift */; };
		E70114D425766AAD0077BF03 /* SquadTCell.swift in Sources */ = {isa = PBXBuildFile; fileRef = E70114D225766AAD0077BF03 /* SquadTCell.swift */; };
		E70114D525766AAD0077BF03 /* SquadTCell.xib in Resources */ = {isa = PBXBuildFile; fileRef = E70114D325766AAD0077BF03 /* SquadTCell.xib */; };
		E70114E325766C1B0077BF03 /* TeamDetailsVC+TableView.swift in Sources */ = {isa = PBXBuildFile; fileRef = E70114E225766C1B0077BF03 /* TeamDetailsVC+TableView.swift */; };
		E7011516257714C80077BF03 /* TeamDB.swift in Sources */ = {isa = PBXBuildFile; fileRef = E7011515257714C80077BF03 /* TeamDB.swift */; };
		E7530C1F2577F932007FEB5A /* TeamDetailsDB.swift in Sources */ = {isa = PBXBuildFile; fileRef = E7530C1E2577F932007FEB5A /* TeamDetailsDB.swift */; };
		E7530C2425780E73007FEB5A /* SquadDB.swift in Sources */ = {isa = PBXBuildFile; fileRef = E7530C2325780E73007FEB5A /* SquadDB.swift */; };
		E7530C292578391D007FEB5A /* FavTeamDB.swift in Sources */ = {isa = PBXBuildFile; fileRef = E7530C282578391D007FEB5A /* FavTeamDB.swift */; };
		E7530C3525784BBB007FEB5A /* FavouriteListPresenter.swift in Sources */ = {isa = PBXBuildFile; fileRef = E7530C2F25784BBB007FEB5A /* FavouriteListPresenter.swift */; };
		E7530C3625784BBB007FEB5A /* FavouriteListVC+TableView.swift in Sources */ = {isa = PBXBuildFile; fileRef = E7530C3125784BBB007FEB5A /* FavouriteListVC+TableView.swift */; };
		E7530C3725784BBB007FEB5A /* FavouriteListVC.swift in Sources */ = {isa = PBXBuildFile; fileRef = E7530C3225784BBB007FEB5A /* FavouriteListVC.swift */; };
		E7530C3825784BBB007FEB5A /* FavouriteListInteractor.swift in Sources */ = {isa = PBXBuildFile; fileRef = E7530C3425784BBB007FEB5A /* FavouriteListInteractor.swift */; };
		E7530C3D25784D0F007FEB5A /* FavouriteListVC+PresenterDelegate.swift in Sources */ = {isa = PBXBuildFile; fileRef = E7530C3C25784D0F007FEB5A /* FavouriteListVC+PresenterDelegate.swift */; };
		E7530C5825787270007FEB5A /* TeamsMock.swift in Sources */ = {isa = PBXBuildFile; fileRef = E7530C5725787270007FEB5A /* TeamsMock.swift */; };
		E796578A2575ADD400EEB79A /* AppDelegate.swift in Sources */ = {isa = PBXBuildFile; fileRef = E79657892575ADD400EEB79A /* AppDelegate.swift */; };
		E796578C2575ADD400EEB79A /* SceneDelegate.swift in Sources */ = {isa = PBXBuildFile; fileRef = E796578B2575ADD400EEB79A /* SceneDelegate.swift */; };
		E79657912575ADD400EEB79A /* Main.storyboard in Resources */ = {isa = PBXBuildFile; fileRef = E796578F2575ADD400EEB79A /* Main.storyboard */; };
		E79657932575ADD600EEB79A /* Assets.xcassets in Resources */ = {isa = PBXBuildFile; fileRef = E79657922575ADD600EEB79A /* Assets.xcassets */; };
		E79657A12575ADD700EEB79A /* TeamsTest.swift in Sources */ = {isa = PBXBuildFile; fileRef = E79657A02575ADD700EEB79A /* TeamsTest.swift */; };
		E79657AC2575ADD700EEB79A /* Football_LeagueUITests.swift in Sources */ = {isa = PBXBuildFile; fileRef = E79657AB2575ADD700EEB79A /* Football_LeagueUITests.swift */; };
		E79657F52575AE7000EEB79A /* TeamDetailsVC.swift in Sources */ = {isa = PBXBuildFile; fileRef = E79657DA2575AE6F00EEB79A /* TeamDetailsVC.swift */; };
		E79657F62575AE7000EEB79A /* loaderCircle.gif in Resources */ = {isa = PBXBuildFile; fileRef = E79657DC2575AE6F00EEB79A /* loaderCircle.gif */; };
		E79657FA2575AE7000EEB79A /* BaseViewController.swift in Sources */ = {isa = PBXBuildFile; fileRef = E79657E42575AE6F00EEB79A /* BaseViewController.swift */; };
		E79657FB2575AE7000EEB79A /* Constants.swift in Sources */ = {isa = PBXBuildFile; fileRef = E79657E62575AE6F00EEB79A /* Constants.swift */; };
		E79657FC2575AE7000EEB79A /* StringExtennsions.swift in Sources */ = {isa = PBXBuildFile; fileRef = E79657E72575AE6F00EEB79A /* StringExtennsions.swift */; };
		E79657FD2575AE7000EEB79A /* TeamDetailsModel.swift in Sources */ = {isa = PBXBuildFile; fileRef = E79657E92575AE7000EEB79A /* TeamDetailsModel.swift */; };
		E79657FE2575AE7000EEB79A /* TeamsDataModel.swift in Sources */ = {isa = PBXBuildFile; fileRef = E79657EA2575AE7000EEB79A /* TeamsDataModel.swift */; };
		E79657FF2575AE7000EEB79A /* Reachability.swift in Sources */ = {isa = PBXBuildFile; fileRef = E79657EC2575AE7000EEB79A /* Reachability.swift */; };
		E79658002575AE7000EEB79A /* APICallError.swift in Sources */ = {isa = PBXBuildFile; fileRef = E79657ED2575AE7000EEB79A /* APICallError.swift */; };
		E79658012575AE7000EEB79A /* AFWrapper.swift in Sources */ = {isa = PBXBuildFile; fileRef = E79657EE2575AE7000EEB79A /* AFWrapper.swift */; };
		E796584D2576177D00EEB79A /* AlertCustom.swift in Sources */ = {isa = PBXBuildFile; fileRef = E796584C2576177D00EEB79A /* AlertCustom.swift */; };
		E796585A2576184100EEB79A /* LaunchScreen.storyboard in Resources */ = {isa = PBXBuildFile; fileRef = E79658582576184100EEB79A /* LaunchScreen.storyboard */; };
		E796586D25761A3800EEB79A /* UIViewX.swift in Sources */ = {isa = PBXBuildFile; fileRef = E796586C25761A3800EEB79A /* UIViewX.swift */; };
		E796587B257641E800EEB79A /* TeamDetailsInteractor.swift in Sources */ = {isa = PBXBuildFile; fileRef = E7965878257641E800EEB79A /* TeamDetailsInteractor.swift */; };
		E796587C257641E800EEB79A /* TeamDetailsPresenter.swift in Sources */ = {isa = PBXBuildFile; fileRef = E796587A257641E800EEB79A /* TeamDetailsPresenter.swift */; };
		E796588C257641F000EEB79A /* TeamTCell.swift in Sources */ = {isa = PBXBuildFile; fileRef = E7965882257641F000EEB79A /* TeamTCell.swift */; };
		E796588D257641F000EEB79A /* TeamTCell.xib in Resources */ = {isa = PBXBuildFile; fileRef = E7965883257641F000EEB79A /* TeamTCell.xib */; };
		E796588E257641F000EEB79A /* TeamPresenter.swift in Sources */ = {isa = PBXBuildFile; fileRef = E7965885257641F000EEB79A /* TeamPresenter.swift */; };
		E796588F257641F000EEB79A /* TeamVC+PresenterDelegate.swift in Sources */ = {isa = PBXBuildFile; fileRef = E7965887257641F000EEB79A /* TeamVC+PresenterDelegate.swift */; };
		E7965890257641F000EEB79A /* TeamVC+TableView.swift in Sources */ = {isa = PBXBuildFile; fileRef = E7965888257641F000EEB79A /* TeamVC+TableView.swift */; };
		E7965891257641F000EEB79A /* TeamVC.swift in Sources */ = {isa = PBXBuildFile; fileRef = E7965889257641F000EEB79A /* TeamVC.swift */; };
		E7965892257641F000EEB79A /* TeamInteractor.swift in Sources */ = {isa = PBXBuildFile; fileRef = E796588B257641F000EEB79A /* TeamInteractor.swift */; };
		E79658A4257648BF00EEB79A /* TeamDetailsVC+PresenterDelegate.swift in Sources */ = {isa = PBXBuildFile; fileRef = E79658A3257648BF00EEB79A /* TeamDetailsVC+PresenterDelegate.swift */; };
		E7E6041A257888BC006BC917 /* TeamDetailsTest.swift in Sources */ = {isa = PBXBuildFile; fileRef = E7E60419257888BC006BC917 /* TeamDetailsTest.swift */; };
		E7E604222578892A006BC917 /* TeamDetailsMock.swift in Sources */ = {isa = PBXBuildFile; fileRef = E7E604212578892A006BC917 /* TeamDetailsMock.swift */; };
		E7E6042825788F42006BC917 /* FavTeamsTest.swift in Sources */ = {isa = PBXBuildFile; fileRef = E7E6042725788F42006BC917 /* FavTeamsTest.swift */; };
		E7E604332578BDC8006BC917 /* Simulator Screen Shot - iPhone 11 Pro - 2020-12-03 at 07.48.28.png in Resources */ = {isa = PBXBuildFile; fileRef = E7E604302578BDC7006BC917 /* Simulator Screen Shot - iPhone 11 Pro - 2020-12-03 at 07.48.28.png */; };
		E7E604342578BDC8006BC917 /* Simulator Screen Shot - iPhone 11 Pro - 2020-12-03 at 07.46.44.png in Resources */ = {isa = PBXBuildFile; fileRef = E7E604312578BDC7006BC917 /* Simulator Screen Shot - iPhone 11 Pro - 2020-12-03 at 07.46.44.png */; };
		E7E604352578BDC8006BC917 /* Simulator Screen Shot - iPhone 11 Pro - 2020-12-03 at 07.46.42.png in Resources */ = {isa = PBXBuildFile; fileRef = E7E604322578BDC7006BC917 /* Simulator Screen Shot - iPhone 11 Pro - 2020-12-03 at 07.46.42.png */; };
		F77F699082E53409CDB2C69C /* Pods_Football_League_Football_LeagueUITests.framework in Frameworks */ = {isa = PBXBuildFile; fileRef = DCB9ECA084A37AF6A01CD0C2 /* Pods_Football_League_Football_LeagueUITests.framework */; };
/* End PBXBuildFile section */

/* Begin PBXContainerItemProxy section */
		E796579D2575ADD700EEB79A /* PBXContainerItemProxy */ = {
			isa = PBXContainerItemProxy;
			containerPortal = E796577E2575ADD400EEB79A /* Project object */;
			proxyType = 1;
			remoteGlobalIDString = E79657852575ADD400EEB79A;
			remoteInfo = "Football League";
		};
		E79657A82575ADD700EEB79A /* PBXContainerItemProxy */ = {
			isa = PBXContainerItemProxy;
			containerPortal = E796577E2575ADD400EEB79A /* Project object */;
			proxyType = 1;
			remoteGlobalIDString = E79657852575ADD400EEB79A;
			remoteInfo = "Football League";
		};
/* End PBXContainerItemProxy section */

/* Begin PBXFileReference section */
		01A503F878344649A86D8A4A /* Pods-Football LeagueTests.debug.xcconfig */ = {isa = PBXFileReference; includeInIndex = 1; lastKnownFileType = text.xcconfig; name = "Pods-Football LeagueTests.debug.xcconfig"; path = "Target Support Files/Pods-Football LeagueTests/Pods-Football LeagueTests.debug.xcconfig"; sourceTree = "<group>"; };
		09E669B0B8F92D40170084DC /* Pods-Football League.debug.xcconfig */ = {isa = PBXFileReference; includeInIndex = 1; lastKnownFileType = text.xcconfig; name = "Pods-Football League.debug.xcconfig"; path = "Target Support Files/Pods-Football League/Pods-Football League.debug.xcconfig"; sourceTree = "<group>"; };
		24E0C836E81AB509E579BC3D /* Pods_Football_LeagueTests.framework */ = {isa = PBXFileReference; explicitFileType = wrapper.framework; includeInIndex = 0; path = Pods_Football_LeagueTests.framework; sourceTree = BUILT_PRODUCTS_DIR; };
		6785388AE18FF247744E9994 /* Pods-Football LeagueTests.release.xcconfig */ = {isa = PBXFileReference; includeInIndex = 1; lastKnownFileType = text.xcconfig; name = "Pods-Football LeagueTests.release.xcconfig"; path = "Target Support Files/Pods-Football LeagueTests/Pods-Football LeagueTests.release.xcconfig"; sourceTree = "<group>"; };
		7DCC3963016067F72F11E300 /* Pods_Football_League.framework */ = {isa = PBXFileReference; explicitFileType = wrapper.framework; includeInIndex = 0; path = Pods_Football_League.framework; sourceTree = BUILT_PRODUCTS_DIR; };
		94770182D4F00EF1C9405190 /* Pods-Football League-Football LeagueUITests.release.xcconfig */ = {isa = PBXFileReference; includeInIndex = 1; lastKnownFileType = text.xcconfig; name = "Pods-Football League-Football LeagueUITests.release.xcconfig"; path = "Target Support Files/Pods-Football League-Football LeagueUITests/Pods-Football League-Football LeagueUITests.release.xcconfig"; sourceTree = "<group>"; };
		D9997B72EA990252697110BA /* Pods-Football League-Football LeagueUITests.debug.xcconfig */ = {isa = PBXFileReference; includeInIndex = 1; lastKnownFileType = text.xcconfig; name = "Pods-Football League-Football LeagueUITests.debug.xcconfig"; path = "Target Support Files/Pods-Football League-Football LeagueUITests/Pods-Football League-Football LeagueUITests.debug.xcconfig"; sourceTree = "<group>"; };
		DCB9ECA084A37AF6A01CD0C2 /* Pods_Football_League_Football_LeagueUITests.framework */ = {isa = PBXFileReference; explicitFileType = wrapper.framework; includeInIndex = 0; path = Pods_Football_League_Football_LeagueUITests.framework; sourceTree = BUILT_PRODUCTS_DIR; };
		DF4F668ADE165C4BFBB44908 /* Pods-Football League.release.xcconfig */ = {isa = PBXFileReference; includeInIndex = 1; lastKnownFileType = text.xcconfig; name = "Pods-Football League.release.xcconfig"; path = "Target Support Files/Pods-Football League/Pods-Football League.release.xcconfig"; sourceTree = "<group>"; };
		E70114CC25765C550077BF03 /* SVG+UImageView.swift */ = {isa = PBXFileReference; lastKnownFileType = sourcecode.swift; path = "SVG+UImageView.swift"; sourceTree = "<group>"; };
		E70114D225766AAD0077BF03 /* SquadTCell.swift */ = {isa = PBXFileReference; lastKnownFileType = sourcecode.swift; path = SquadTCell.swift; sourceTree = "<group>"; };
		E70114D325766AAD0077BF03 /* SquadTCell.xib */ = {isa = PBXFileReference; lastKnownFileType = file.xib; path = SquadTCell.xib; sourceTree = "<group>"; };
		E70114E225766C1B0077BF03 /* TeamDetailsVC+TableView.swift */ = {isa = PBXFileReference; lastKnownFileType = sourcecode.swift; path = "TeamDetailsVC+TableView.swift"; sourceTree = "<group>"; };
		E7011515257714C80077BF03 /* TeamDB.swift */ = {isa = PBXFileReference; lastKnownFileType = sourcecode.swift; path = TeamDB.swift; sourceTree = "<group>"; };
		E7530C1E2577F932007FEB5A /* TeamDetailsDB.swift */ = {isa = PBXFileReference; lastKnownFileType = sourcecode.swift; path = TeamDetailsDB.swift; sourceTree = "<group>"; };
		E7530C2325780E73007FEB5A /* SquadDB.swift */ = {isa = PBXFileReference; lastKnownFileType = sourcecode.swift; path = SquadDB.swift; sourceTree = "<group>"; };
		E7530C282578391D007FEB5A /* FavTeamDB.swift */ = {isa = PBXFileReference; lastKnownFileType = sourcecode.swift; path = FavTeamDB.swift; sourceTree = "<group>"; };
		E7530C2F25784BBB007FEB5A /* FavouriteListPresenter.swift */ = {isa = PBXFileReference; fileEncoding = 4; lastKnownFileType = sourcecode.swift; path = FavouriteListPresenter.swift; sourceTree = "<group>"; };
		E7530C3125784BBB007FEB5A /* FavouriteListVC+TableView.swift */ = {isa = PBXFileReference; fileEncoding = 4; lastKnownFileType = sourcecode.swift; path = "FavouriteListVC+TableView.swift"; sourceTree = "<group>"; };
		E7530C3225784BBB007FEB5A /* FavouriteListVC.swift */ = {isa = PBXFileReference; fileEncoding = 4; lastKnownFileType = sourcecode.swift; path = FavouriteListVC.swift; sourceTree = "<group>"; };
		E7530C3425784BBB007FEB5A /* FavouriteListInteractor.swift */ = {isa = PBXFileReference; fileEncoding = 4; lastKnownFileType = sourcecode.swift; path = FavouriteListInteractor.swift; sourceTree = "<group>"; };
		E7530C3C25784D0F007FEB5A /* FavouriteListVC+PresenterDelegate.swift */ = {isa = PBXFileReference; lastKnownFileType = sourcecode.swift; path = "FavouriteListVC+PresenterDelegate.swift"; sourceTree = "<group>"; };
		E7530C5725787270007FEB5A /* TeamsMock.swift */ = {isa = PBXFileReference; lastKnownFileType = sourcecode.swift; path = TeamsMock.swift; sourceTree = "<group>"; };
		E79657862575ADD400EEB79A /* Football League.app */ = {isa = PBXFileReference; explicitFileType = wrapper.application; includeInIndex = 0; path = "Football League.app"; sourceTree = BUILT_PRODUCTS_DIR; };
		E79657892575ADD400EEB79A /* AppDelegate.swift */ = {isa = PBXFileReference; lastKnownFileType = sourcecode.swift; path = AppDelegate.swift; sourceTree = "<group>"; };
		E796578B2575ADD400EEB79A /* SceneDelegate.swift */ = {isa = PBXFileReference; lastKnownFileType = sourcecode.swift; path = SceneDelegate.swift; sourceTree = "<group>"; };
		E79657902575ADD400EEB79A /* Base */ = {isa = PBXFileReference; lastKnownFileType = file.storyboard; name = Base; path = Base.lproj/Main.storyboard; sourceTree = "<group>"; };
		E79657922575ADD600EEB79A /* Assets.xcassets */ = {isa = PBXFileReference; lastKnownFileType = folder.assetcatalog; path = Assets.xcassets; sourceTree = "<group>"; };
		E79657972575ADD600EEB79A /* Info.plist */ = {isa = PBXFileReference; lastKnownFileType = text.plist.xml; path = Info.plist; sourceTree = "<group>"; };
		E796579C2575ADD700EEB79A /* Football LeagueTests.xctest */ = {isa = PBXFileReference; explicitFileType = wrapper.cfbundle; includeInIndex = 0; path = "Football LeagueTests.xctest"; sourceTree = BUILT_PRODUCTS_DIR; };
		E79657A02575ADD700EEB79A /* TeamsTest.swift */ = {isa = PBXFileReference; lastKnownFileType = sourcecode.swift; path = TeamsTest.swift; sourceTree = "<group>"; };
		E79657A22575ADD700EEB79A /* Info.plist */ = {isa = PBXFileReference; lastKnownFileType = text.plist.xml; path = Info.plist; sourceTree = "<group>"; };
		E79657A72575ADD700EEB79A /* Football LeagueUITests.xctest */ = {isa = PBXFileReference; explicitFileType = wrapper.cfbundle; includeInIndex = 0; path = "Football LeagueUITests.xctest"; sourceTree = BUILT_PRODUCTS_DIR; };
		E79657AB2575ADD700EEB79A /* Football_LeagueUITests.swift */ = {isa = PBXFileReference; lastKnownFileType = sourcecode.swift; path = Football_LeagueUITests.swift; sourceTree = "<group>"; };
		E79657AD2575ADD700EEB79A /* Info.plist */ = {isa = PBXFileReference; lastKnownFileType = text.plist.xml; path = Info.plist; sourceTree = "<group>"; };
		E79657DA2575AE6F00EEB79A /* TeamDetailsVC.swift */ = {isa = PBXFileReference; fileEncoding = 4; lastKnownFileType = sourcecode.swift; path = TeamDetailsVC.swift; sourceTree = "<group>"; };
		E79657DC2575AE6F00EEB79A /* loaderCircle.gif */ = {isa = PBXFileReference; lastKnownFileType = image.gif; path = loaderCircle.gif; sourceTree = "<group>"; };
		E79657E42575AE6F00EEB79A /* BaseViewController.swift */ = {isa = PBXFileReference; fileEncoding = 4; lastKnownFileType = sourcecode.swift; path = BaseViewController.swift; sourceTree = "<group>"; };
		E79657E62575AE6F00EEB79A /* Constants.swift */ = {isa = PBXFileReference; fileEncoding = 4; lastKnownFileType = sourcecode.swift; path = Constants.swift; sourceTree = "<group>"; };
		E79657E72575AE6F00EEB79A /* StringExtennsions.swift */ = {isa = PBXFileReference; fileEncoding = 4; lastKnownFileType = sourcecode.swift; path = StringExtennsions.swift; sourceTree = "<group>"; };
		E79657E92575AE7000EEB79A /* TeamDetailsModel.swift */ = {isa = PBXFileReference; fileEncoding = 4; lastKnownFileType = sourcecode.swift; path = TeamDetailsModel.swift; sourceTree = "<group>"; };
		E79657EA2575AE7000EEB79A /* TeamsDataModel.swift */ = {isa = PBXFileReference; fileEncoding = 4; lastKnownFileType = sourcecode.swift; path = TeamsDataModel.swift; sourceTree = "<group>"; };
		E79657EC2575AE7000EEB79A /* Reachability.swift */ = {isa = PBXFileReference; fileEncoding = 4; lastKnownFileType = sourcecode.swift; path = Reachability.swift; sourceTree = "<group>"; };
		E79657ED2575AE7000EEB79A /* APICallError.swift */ = {isa = PBXFileReference; fileEncoding = 4; lastKnownFileType = sourcecode.swift; path = APICallError.swift; sourceTree = "<group>"; };
		E79657EE2575AE7000EEB79A /* AFWrapper.swift */ = {isa = PBXFileReference; fileEncoding = 4; lastKnownFileType = sourcecode.swift; path = AFWrapper.swift; sourceTree = "<group>"; };
		E796584C2576177D00EEB79A /* AlertCustom.swift */ = {isa = PBXFileReference; fileEncoding = 4; lastKnownFileType = sourcecode.swift; path = AlertCustom.swift; sourceTree = "<group>"; };
		E79658592576184100EEB79A /* Base */ = {isa = PBXFileReference; lastKnownFileType = file.storyboard; name = Base; path = LaunchScreen.storyboard; sourceTree = "<group>"; };
		E796586C25761A3800EEB79A /* UIViewX.swift */ = {isa = PBXFileReference; fileEncoding = 4; lastKnownFileType = sourcecode.swift; path = UIViewX.swift; sourceTree = "<group>"; };
		E7965878257641E800EEB79A /* TeamDetailsInteractor.swift */ = {isa = PBXFileReference; fileEncoding = 4; lastKnownFileType = sourcecode.swift; path = TeamDetailsInteractor.swift; sourceTree = "<group>"; };
		E796587A257641E800EEB79A /* TeamDetailsPresenter.swift */ = {isa = PBXFileReference; fileEncoding = 4; lastKnownFileType = sourcecode.swift; path = TeamDetailsPresenter.swift; sourceTree = "<group>"; };
		E7965882257641F000EEB79A /* TeamTCell.swift */ = {isa = PBXFileReference; fileEncoding = 4; lastKnownFileType = sourcecode.swift; path = TeamTCell.swift; sourceTree = "<group>"; };
		E7965883257641F000EEB79A /* TeamTCell.xib */ = {isa = PBXFileReference; fileEncoding = 4; lastKnownFileType = file.xib; path = TeamTCell.xib; sourceTree = "<group>"; };
		E7965885257641F000EEB79A /* TeamPresenter.swift */ = {isa = PBXFileReference; fileEncoding = 4; lastKnownFileType = sourcecode.swift; path = TeamPresenter.swift; sourceTree = "<group>"; };
		E7965887257641F000EEB79A /* TeamVC+PresenterDelegate.swift */ = {isa = PBXFileReference; fileEncoding = 4; lastKnownFileType = sourcecode.swift; path = "TeamVC+PresenterDelegate.swift"; sourceTree = "<group>"; };
		E7965888257641F000EEB79A /* TeamVC+TableView.swift */ = {isa = PBXFileReference; fileEncoding = 4; lastKnownFileType = sourcecode.swift; path = "TeamVC+TableView.swift"; sourceTree = "<group>"; };
		E7965889257641F000EEB79A /* TeamVC.swift */ = {isa = PBXFileReference; fileEncoding = 4; lastKnownFileType = sourcecode.swift; path = TeamVC.swift; sourceTree = "<group>"; };
		E796588B257641F000EEB79A /* TeamInteractor.swift */ = {isa = PBXFileReference; fileEncoding = 4; lastKnownFileType = sourcecode.swift; path = TeamInteractor.swift; sourceTree = "<group>"; };
		E79658A3257648BF00EEB79A /* TeamDetailsVC+PresenterDelegate.swift */ = {isa = PBXFileReference; fileEncoding = 4; lastKnownFileType = sourcecode.swift; path = "TeamDetailsVC+PresenterDelegate.swift"; sourceTree = "<group>"; };
		E7E60419257888BC006BC917 /* TeamDetailsTest.swift */ = {isa = PBXFileReference; lastKnownFileType = sourcecode.swift; path = TeamDetailsTest.swift; sourceTree = "<group>"; };
		E7E604212578892A006BC917 /* TeamDetailsMock.swift */ = {isa = PBXFileReference; lastKnownFileType = sourcecode.swift; path = TeamDetailsMock.swift; sourceTree = "<group>"; };
		E7E6042725788F42006BC917 /* FavTeamsTest.swift */ = {isa = PBXFileReference; lastKnownFileType = sourcecode.swift; path = FavTeamsTest.swift; sourceTree = "<group>"; };
		E7E604302578BDC7006BC917 /* Simulator Screen Shot - iPhone 11 Pro - 2020-12-03 at 07.48.28.png */ = {isa = PBXFileReference; lastKnownFileType = image.png; path = "Simulator Screen Shot - iPhone 11 Pro - 2020-12-03 at 07.48.28.png"; sourceTree = "<group>"; };
		E7E604312578BDC7006BC917 /* Simulator Screen Shot - iPhone 11 Pro - 2020-12-03 at 07.46.44.png */ = {isa = PBXFileReference; lastKnownFileType = image.png; path = "Simulator Screen Shot - iPhone 11 Pro - 2020-12-03 at 07.46.44.png"; sourceTree = "<group>"; };
		E7E604322578BDC7006BC917 /* Simulator Screen Shot - iPhone 11 Pro - 2020-12-03 at 07.46.42.png */ = {isa = PBXFileReference; lastKnownFileType = image.png; path = "Simulator Screen Shot - iPhone 11 Pro - 2020-12-03 at 07.46.42.png"; sourceTree = "<group>"; };
/* End PBXFileReference section */

/* Begin PBXFrameworksBuildPhase section */
		E79657832575ADD400EEB79A /* Frameworks */ = {
			isa = PBXFrameworksBuildPhase;
			buildActionMask = 2147483647;
			files = (
				C521D5AE1D18E7F516EE52C9 /* Pods_Football_League.framework in Frameworks */,
			);
			runOnlyForDeploymentPostprocessing = 0;
		};
		E79657992575ADD700EEB79A /* Frameworks */ = {
			isa = PBXFrameworksBuildPhase;
			buildActionMask = 2147483647;
			files = (
				8E944583969CA439BD3060C0 /* Pods_Football_LeagueTests.framework in Frameworks */,
			);
			runOnlyForDeploymentPostprocessing = 0;
		};
		E79657A42575ADD700EEB79A /* Frameworks */ = {
			isa = PBXFrameworksBuildPhase;
			buildActionMask = 2147483647;
			files = (
				F77F699082E53409CDB2C69C /* Pods_Football_League_Football_LeagueUITests.framework in Frameworks */,
			);
			runOnlyForDeploymentPostprocessing = 0;
		};
/* End PBXFrameworksBuildPhase section */

/* Begin PBXGroup section */
		8217BD78289D233C4694BE8D /* Frameworks */ = {
			isa = PBXGroup;
			children = (
				7DCC3963016067F72F11E300 /* Pods_Football_League.framework */,
				DCB9ECA084A37AF6A01CD0C2 /* Pods_Football_League_Football_LeagueUITests.framework */,
				24E0C836E81AB509E579BC3D /* Pods_Football_LeagueTests.framework */,
			);
			name = Frameworks;
			sourceTree = "<group>";
		};
		E70114D125766A770077BF03 /* TableCell */ = {
			isa = PBXGroup;
			children = (
				E70114D225766AAD0077BF03 /* SquadTCell.swift */,
				E70114D325766AAD0077BF03 /* SquadTCell.xib */,
			);
			path = TableCell;
			sourceTree = "<group>";
		};
		E7011514257714B80077BF03 /* DataBase */ = {
			isa = PBXGroup;
			children = (
				E7011515257714C80077BF03 /* TeamDB.swift */,
				E7530C282578391D007FEB5A /* FavTeamDB.swift */,
				E7530C1E2577F932007FEB5A /* TeamDetailsDB.swift */,
				E7530C2325780E73007FEB5A /* SquadDB.swift */,
			);
			path = DataBase;
			sourceTree = "<group>";
		};
		E7530C2D25784BBB007FEB5A /* FavouriteList */ = {
			isa = PBXGroup;
			children = (
				E7530C2E25784BBB007FEB5A /* Presenter */,
				E7530C3025784BBB007FEB5A /* FavouriteListVC */,
				E7530C3325784BBB007FEB5A /* Interactor */,
			);
			path = FavouriteList;
			sourceTree = "<group>";
		};
		E7530C2E25784BBB007FEB5A /* Presenter */ = {
			isa = PBXGroup;
			children = (
				E7530C2F25784BBB007FEB5A /* FavouriteListPresenter.swift */,
			);
			path = Presenter;
			sourceTree = "<group>";
		};
		E7530C3025784BBB007FEB5A /* FavouriteListVC */ = {
			isa = PBXGroup;
			children = (
				E7530C3125784BBB007FEB5A /* FavouriteListVC+TableView.swift */,
				E7530C3225784BBB007FEB5A /* FavouriteListVC.swift */,
				E7530C3C25784D0F007FEB5A /* FavouriteListVC+PresenterDelegate.swift */,
			);
			path = FavouriteListVC;
			sourceTree = "<group>";
		};
		E7530C3325784BBB007FEB5A /* Interactor */ = {
			isa = PBXGroup;
			children = (
				E7530C3425784BBB007FEB5A /* FavouriteListInteractor.swift */,
			);
			path = Interactor;
			sourceTree = "<group>";
		};
		E7530C5625787235007FEB5A /* Teams */ = {
			isa = PBXGroup;
			children = (
				E79657A02575ADD700EEB79A /* TeamsTest.swift */,
				E7530C5725787270007FEB5A /* TeamsMock.swift */,
			);
			path = Teams;
			sourceTree = "<group>";
		};
		E796577D2575ADD400EEB79A = {
			isa = PBXGroup;
			children = (
				E79657882575ADD400EEB79A /* Football League */,
				E796579F2575ADD700EEB79A /* Football LeagueTests */,
				E79657AA2575ADD700EEB79A /* Football LeagueUITests */,
				E79657872575ADD400EEB79A /* Products */,
				F399606F1744F4270AF64B95 /* Pods */,
				8217BD78289D233C4694BE8D /* Frameworks */,
			);
			sourceTree = "<group>";
		};
		E79657872575ADD400EEB79A /* Products */ = {
			isa = PBXGroup;
			children = (
				E79657862575ADD400EEB79A /* Football League.app */,
				E796579C2575ADD700EEB79A /* Football LeagueTests.xctest */,
				E79657A72575ADD700EEB79A /* Football LeagueUITests.xctest */,
			);
			name = Products;
			sourceTree = "<group>";
		};
		E79657882575ADD400EEB79A /* Football League */ = {
			isa = PBXGroup;
			children = (
				E7E6042F2578BD90006BC917 /* images */,
				E7011514257714B80077BF03 /* DataBase */,
				E79657E32575AE6F00EEB79A /* Base */,
				E79657CD2575AE6F00EEB79A /* Core */,
				E79657E52575AE6F00EEB79A /* Extensions */,
				E79657E82575AE7000EEB79A /* Model */,
				E79657EB2575AE7000EEB79A /* Networking */,
				E79657DB2575AE6F00EEB79A /* Resources */,
				E79657D02575AE6F00EEB79A /* Scenes */,
				E79657E12575AE6F00EEB79A /* Storyboards */,
				E79657922575ADD600EEB79A /* Assets.xcassets */,
				E79657972575ADD600EEB79A /* Info.plist */,
			);
			path = "Football League";
			sourceTree = "<group>";
		};
		E796579F2575ADD700EEB79A /* Football LeagueTests */ = {
			isa = PBXGroup;
			children = (
				E7E6042625788F18006BC917 /* FavTeams */,
				E7E604182578889D006BC917 /* TeamDetails */,
				E7530C5625787235007FEB5A /* Teams */,
				E79657A22575ADD700EEB79A /* Info.plist */,
			);
			path = "Football LeagueTests";
			sourceTree = "<group>";
		};
		E79657AA2575ADD700EEB79A /* Football LeagueUITests */ = {
			isa = PBXGroup;
			children = (
				E79657AB2575ADD700EEB79A /* Football_LeagueUITests.swift */,
				E79657AD2575ADD700EEB79A /* Info.plist */,
			);
			path = "Football LeagueUITests";
			sourceTree = "<group>";
		};
		E79657CD2575AE6F00EEB79A /* Core */ = {
			isa = PBXGroup;
			children = (
				E79657892575ADD400EEB79A /* AppDelegate.swift */,
				E796578B2575ADD400EEB79A /* SceneDelegate.swift */,
			);
			path = Core;
			sourceTree = "<group>";
		};
		E79657D02575AE6F00EEB79A /* Scenes */ = {
			isa = PBXGroup;
			children = (
				E7965880257641F000EEB79A /* Team */,
				E7530C2D25784BBB007FEB5A /* FavouriteList */,
				E79657D92575AE6F00EEB79A /* TeamDetails */,
			);
			path = Scenes;
			sourceTree = "<group>";
		};
		E79657D92575AE6F00EEB79A /* TeamDetails */ = {
			isa = PBXGroup;
			children = (
				E70114D125766A770077BF03 /* TableCell */,
				E79658962576423D00EEB79A /* TeamDetailsVC */,
				E7965877257641E800EEB79A /* Interactor */,
				E7965879257641E800EEB79A /* Presenter */,
			);
			path = TeamDetails;
			sourceTree = "<group>";
		};
		E79657DB2575AE6F00EEB79A /* Resources */ = {
			isa = PBXGroup;
			children = (
				E7965851257617CD00EEB79A /* Base.lproj */,
				E79657DC2575AE6F00EEB79A /* loaderCircle.gif */,
			);
			path = Resources;
			sourceTree = "<group>";
		};
		E79657E12575AE6F00EEB79A /* Storyboards */ = {
			isa = PBXGroup;
			children = (
				E796578F2575ADD400EEB79A /* Main.storyboard */,
			);
			path = Storyboards;
			sourceTree = "<group>";
		};
		E79657E32575AE6F00EEB79A /* Base */ = {
			isa = PBXGroup;
			children = (
				E79657E42575AE6F00EEB79A /* BaseViewController.swift */,
			);
			path = Base;
			sourceTree = "<group>";
		};
		E79657E52575AE6F00EEB79A /* Extensions */ = {
			isa = PBXGroup;
			children = (
				E796586B25761A3800EEB79A /* UX */,
				E796584B2576177D00EEB79A /* Alerts */,
				E79657E62575AE6F00EEB79A /* Constants.swift */,
				E79657E72575AE6F00EEB79A /* StringExtennsions.swift */,
				E70114CC25765C550077BF03 /* SVG+UImageView.swift */,
			);
			path = Extensions;
			sourceTree = "<group>";
		};
		E79657E82575AE7000EEB79A /* Model */ = {
			isa = PBXGroup;
			children = (
				E79657E92575AE7000EEB79A /* TeamDetailsModel.swift */,
				E79657EA2575AE7000EEB79A /* TeamsDataModel.swift */,
			);
			path = Model;
			sourceTree = "<group>";
		};
		E79657EB2575AE7000EEB79A /* Networking */ = {
			isa = PBXGroup;
			children = (
				E79657EC2575AE7000EEB79A /* Reachability.swift */,
				E79657ED2575AE7000EEB79A /* APICallError.swift */,
				E79657EE2575AE7000EEB79A /* AFWrapper.swift */,
			);
			path = Networking;
			sourceTree = "<group>";
		};
		E796584B2576177D00EEB79A /* Alerts */ = {
			isa = PBXGroup;
			children = (
				E796584C2576177D00EEB79A /* AlertCustom.swift */,
			);
			path = Alerts;
			sourceTree = "<group>";
		};
		E7965851257617CD00EEB79A /* Base.lproj */ = {
			isa = PBXGroup;
			children = (
				E79658582576184100EEB79A /* LaunchScreen.storyboard */,
			);
			path = Base.lproj;
			sourceTree = "<group>";
		};
		E796586B25761A3800EEB79A /* UX */ = {
			isa = PBXGroup;
			children = (
				E796586C25761A3800EEB79A /* UIViewX.swift */,
			);
			path = UX;
			sourceTree = "<group>";
		};
		E7965877257641E800EEB79A /* Interactor */ = {
			isa = PBXGroup;
			children = (
				E7965878257641E800EEB79A /* TeamDetailsInteractor.swift */,
			);
			path = Interactor;
			sourceTree = "<group>";
		};
		E7965879257641E800EEB79A /* Presenter */ = {
			isa = PBXGroup;
			children = (
				E796587A257641E800EEB79A /* TeamDetailsPresenter.swift */,
			);
			path = Presenter;
			sourceTree = "<group>";
		};
		E7965880257641F000EEB79A /* Team */ = {
			isa = PBXGroup;
			children = (
				E7965886257641F000EEB79A /* TeamVC */,
				E7965881257641F000EEB79A /* TableCell */,
				E7965884257641F000EEB79A /* Presenter */,
				E796588A257641F000EEB79A /* Interactor */,
			);
			path = Team;
			sourceTree = "<group>";
		};
		E7965881257641F000EEB79A /* TableCell */ = {
			isa = PBXGroup;
			children = (
				E7965882257641F000EEB79A /* TeamTCell.swift */,
				E7965883257641F000EEB79A /* TeamTCell.xib */,
			);
			path = TableCell;
			sourceTree = "<group>";
		};
		E7965884257641F000EEB79A /* Presenter */ = {
			isa = PBXGroup;
			children = (
				E7965885257641F000EEB79A /* TeamPresenter.swift */,
			);
			path = Presenter;
			sourceTree = "<group>";
		};
		E7965886257641F000EEB79A /* TeamVC */ = {
			isa = PBXGroup;
			children = (
				E7965887257641F000EEB79A /* TeamVC+PresenterDelegate.swift */,
				E7965888257641F000EEB79A /* TeamVC+TableView.swift */,
				E7965889257641F000EEB79A /* TeamVC.swift */,
			);
			path = TeamVC;
			sourceTree = "<group>";
		};
		E796588A257641F000EEB79A /* Interactor */ = {
			isa = PBXGroup;
			children = (
				E796588B257641F000EEB79A /* TeamInteractor.swift */,
			);
			path = Interactor;
			sourceTree = "<group>";
		};
		E79658962576423D00EEB79A /* TeamDetailsVC */ = {
			isa = PBXGroup;
			children = (
				E79657DA2575AE6F00EEB79A /* TeamDetailsVC.swift */,
				E79658A3257648BF00EEB79A /* TeamDetailsVC+PresenterDelegate.swift */,
				E70114E225766C1B0077BF03 /* TeamDetailsVC+TableView.swift */,
			);
			path = TeamDetailsVC;
			sourceTree = "<group>";
		};
		E7E604182578889D006BC917 /* TeamDetails */ = {
			isa = PBXGroup;
			children = (
				E7E60419257888BC006BC917 /* TeamDetailsTest.swift */,
				E7E604212578892A006BC917 /* TeamDetailsMock.swift */,
			);
			name = TeamDetails;
			sourceTree = "<group>";
		};
		E7E6042625788F18006BC917 /* FavTeams */ = {
			isa = PBXGroup;
			children = (
				E7E6042725788F42006BC917 /* FavTeamsTest.swift */,
			);
			path = FavTeams;
			sourceTree = "<group>";
		};
		E7E6042F2578BD90006BC917 /* images */ = {
			isa = PBXGroup;
			children = (
				E7E604322578BDC7006BC917 /* Simulator Screen Shot - iPhone 11 Pro - 2020-12-03 at 07.46.42.png */,
				E7E604312578BDC7006BC917 /* Simulator Screen Shot - iPhone 11 Pro - 2020-12-03 at 07.46.44.png */,
				E7E604302578BDC7006BC917 /* Simulator Screen Shot - iPhone 11 Pro - 2020-12-03 at 07.48.28.png */,
			);
			path = images;
			sourceTree = "<group>";
		};
		F399606F1744F4270AF64B95 /* Pods */ = {
			isa = PBXGroup;
			children = (
				09E669B0B8F92D40170084DC /* Pods-Football League.debug.xcconfig */,
				DF4F668ADE165C4BFBB44908 /* Pods-Football League.release.xcconfig */,
				D9997B72EA990252697110BA /* Pods-Football League-Football LeagueUITests.debug.xcconfig */,
				94770182D4F00EF1C9405190 /* Pods-Football League-Football LeagueUITests.release.xcconfig */,
				01A503F878344649A86D8A4A /* Pods-Football LeagueTests.debug.xcconfig */,
				6785388AE18FF247744E9994 /* Pods-Football LeagueTests.release.xcconfig */,
			);
			path = Pods;
			sourceTree = "<group>";
		};
/* End PBXGroup section */

/* Begin PBXNativeTarget section */
		E79657852575ADD400EEB79A /* Football League */ = {
			isa = PBXNativeTarget;
			buildConfigurationList = E79657B02575ADD700EEB79A /* Build configuration list for PBXNativeTarget "Football League" */;
			buildPhases = (
				0D1BAC8AB6D9A8BC2720C361 /* [CP] Check Pods Manifest.lock */,
				E79657822575ADD400EEB79A /* Sources */,
				E79657832575ADD400EEB79A /* Frameworks */,
				E79657842575ADD400EEB79A /* Resources */,
				3B5AC4AC93EBAD950A39C080 /* [CP] Embed Pods Frameworks */,
			);
			buildRules = (
			);
			dependencies = (
			);
			name = "Football League";
			productName = "Football League";
			productReference = E79657862575ADD400EEB79A /* Football League.app */;
			productType = "com.apple.product-type.application";
		};
		E796579B2575ADD700EEB79A /* Football LeagueTests */ = {
			isa = PBXNativeTarget;
			buildConfigurationList = E79657B32575ADD700EEB79A /* Build configuration list for PBXNativeTarget "Football LeagueTests" */;
			buildPhases = (
				7D834E18FCDE3091E4A56A79 /* [CP] Check Pods Manifest.lock */,
				E79657982575ADD700EEB79A /* Sources */,
				E79657992575ADD700EEB79A /* Frameworks */,
				E796579A2575ADD700EEB79A /* Resources */,
			);
			buildRules = (
			);
			dependencies = (
				E796579E2575ADD700EEB79A /* PBXTargetDependency */,
			);
			name = "Football LeagueTests";
			productName = "Football LeagueTests";
			productReference = E796579C2575ADD700EEB79A /* Football LeagueTests.xctest */;
			productType = "com.apple.product-type.bundle.unit-test";
		};
		E79657A62575ADD700EEB79A /* Football LeagueUITests */ = {
			isa = PBXNativeTarget;
			buildConfigurationList = E79657B62575ADD700EEB79A /* Build configuration list for PBXNativeTarget "Football LeagueUITests" */;
			buildPhases = (
				9A5571946B63BE7EDBF30003 /* [CP] Check Pods Manifest.lock */,
				E79657A32575ADD700EEB79A /* Sources */,
				E79657A42575ADD700EEB79A /* Frameworks */,
				E79657A52575ADD700EEB79A /* Resources */,
				71C00322962B761E3B2E36BE /* [CP] Embed Pods Frameworks */,
			);
			buildRules = (
			);
			dependencies = (
				E79657A92575ADD700EEB79A /* PBXTargetDependency */,
			);
			name = "Football LeagueUITests";
			productName = "Football LeagueUITests";
			productReference = E79657A72575ADD700EEB79A /* Football LeagueUITests.xctest */;
			productType = "com.apple.product-type.bundle.ui-testing";
		};
/* End PBXNativeTarget section */

/* Begin PBXProject section */
		E796577E2575ADD400EEB79A /* Project object */ = {
			isa = PBXProject;
			attributes = {
				LastSwiftUpdateCheck = 1200;
				LastUpgradeCheck = 1200;
				TargetAttributes = {
					E79657852575ADD400EEB79A = {
						CreatedOnToolsVersion = 12.0.1;
					};
					E796579B2575ADD700EEB79A = {
						CreatedOnToolsVersion = 12.0.1;
						TestTargetID = E79657852575ADD400EEB79A;
					};
					E79657A62575ADD700EEB79A = {
						CreatedOnToolsVersion = 12.0.1;
						TestTargetID = E79657852575ADD400EEB79A;
					};
				};
			};
			buildConfigurationList = E79657812575ADD400EEB79A /* Build configuration list for PBXProject "Football League" */;
			compatibilityVersion = "Xcode 9.3";
			developmentRegion = en;
			hasScannedForEncodings = 0;
			knownRegions = (
				en,
				Base,
			);
			mainGroup = E796577D2575ADD400EEB79A;
			productRefGroup = E79657872575ADD400EEB79A /* Products */;
			projectDirPath = "";
			projectRoot = "";
			targets = (
				E79657852575ADD400EEB79A /* Football League */,
				E796579B2575ADD700EEB79A /* Football LeagueTests */,
				E79657A62575ADD700EEB79A /* Football LeagueUITests */,
			);
		};
/* End PBXProject section */

/* Begin PBXResourcesBuildPhase section */
		E79657842575ADD400EEB79A /* Resources */ = {
			isa = PBXResourcesBuildPhase;
			buildActionMask = 2147483647;
			files = (
				E70114D525766AAD0077BF03 /* SquadTCell.xib in Resources */,
				E79657F62575AE7000EEB79A /* loaderCircle.gif in Resources */,
				E796585A2576184100EEB79A /* LaunchScreen.storyboard in Resources */,
				E79657932575ADD600EEB79A /* Assets.xcassets in Resources */,
				E79657912575ADD400EEB79A /* Main.storyboard in Resources */,
				E7E604342578BDC8006BC917 /* Simulator Screen Shot - iPhone 11 Pro - 2020-12-03 at 07.46.44.png in Resources */,
				E796588D257641F000EEB79A /* TeamTCell.xib in Resources */,
				E7E604352578BDC8006BC917 /* Simulator Screen Shot - iPhone 11 Pro - 2020-12-03 at 07.46.42.png in Resources */,
				E7E604332578BDC8006BC917 /* Simulator Screen Shot - iPhone 11 Pro - 2020-12-03 at 07.48.28.png in Resources */,
			);
			runOnlyForDeploymentPostprocessing = 0;
		};
		E796579A2575ADD700EEB79A /* Resources */ = {
			isa = PBXResourcesBuildPhase;
			buildActionMask = 2147483647;
			files = (
			);
			runOnlyForDeploymentPostprocessing = 0;
		};
		E79657A52575ADD700EEB79A /* Resources */ = {
			isa = PBXResourcesBuildPhase;
			buildActionMask = 2147483647;
			files = (
			);
			runOnlyForDeploymentPostprocessing = 0;
		};
/* End PBXResourcesBuildPhase section */

/* Begin PBXShellScriptBuildPhase section */
		0D1BAC8AB6D9A8BC2720C361 /* [CP] Check Pods Manifest.lock */ = {
			isa = PBXShellScriptBuildPhase;
			buildActionMask = 2147483647;
			files = (
			);
			inputFileListPaths = (
			);
			inputPaths = (
				"${PODS_PODFILE_DIR_PATH}/Podfile.lock",
				"${PODS_ROOT}/Manifest.lock",
			);
			name = "[CP] Check Pods Manifest.lock";
			outputFileListPaths = (
			);
			outputPaths = (
				"$(DERIVED_FILE_DIR)/Pods-Football League-checkManifestLockResult.txt",
			);
			runOnlyForDeploymentPostprocessing = 0;
			shellPath = /bin/sh;
			shellScript = "diff \"${PODS_PODFILE_DIR_PATH}/Podfile.lock\" \"${PODS_ROOT}/Manifest.lock\" > /dev/null\nif [ $? != 0 ] ; then\n    # print error to STDERR\n    echo \"error: The sandbox is not in sync with the Podfile.lock. Run 'pod install' or update your CocoaPods installation.\" >&2\n    exit 1\nfi\n# This output is used by Xcode 'outputs' to avoid re-running this script phase.\necho \"SUCCESS\" > \"${SCRIPT_OUTPUT_FILE_0}\"\n";
			showEnvVarsInLog = 0;
		};
		3B5AC4AC93EBAD950A39C080 /* [CP] Embed Pods Frameworks */ = {
			isa = PBXShellScriptBuildPhase;
			buildActionMask = 2147483647;
			files = (
			);
			inputFileListPaths = (
				"${PODS_ROOT}/Target Support Files/Pods-Football League/Pods-Football League-frameworks-${CONFIGURATION}-input-files.xcfilelist",
			);
			name = "[CP] Embed Pods Frameworks";
			outputFileListPaths = (
				"${PODS_ROOT}/Target Support Files/Pods-Football League/Pods-Football League-frameworks-${CONFIGURATION}-output-files.xcfilelist",
			);
			runOnlyForDeploymentPostprocessing = 0;
			shellPath = /bin/sh;
			shellScript = "\"${PODS_ROOT}/Target Support Files/Pods-Football League/Pods-Football League-frameworks.sh\"\n";
			showEnvVarsInLog = 0;
		};
		71C00322962B761E3B2E36BE /* [CP] Embed Pods Frameworks */ = {
			isa = PBXShellScriptBuildPhase;
			buildActionMask = 2147483647;
			files = (
			);
			inputFileListPaths = (
				"${PODS_ROOT}/Target Support Files/Pods-Football League-Football LeagueUITests/Pods-Football League-Football LeagueUITests-frameworks-${CONFIGURATION}-input-files.xcfilelist",
			);
			name = "[CP] Embed Pods Frameworks";
			outputFileListPaths = (
				"${PODS_ROOT}/Target Support Files/Pods-Football League-Football LeagueUITests/Pods-Football League-Football LeagueUITests-frameworks-${CONFIGURATION}-output-files.xcfilelist",
			);
			runOnlyForDeploymentPostprocessing = 0;
			shellPath = /bin/sh;
			shellScript = "\"${PODS_ROOT}/Target Support Files/Pods-Football League-Football LeagueUITests/Pods-Football League-Football LeagueUITests-frameworks.sh\"\n";
			showEnvVarsInLog = 0;
		};
		7D834E18FCDE3091E4A56A79 /* [CP] Check Pods Manifest.lock */ = {
			isa = PBXShellScriptBuildPhase;
			buildActionMask = 2147483647;
			files = (
			);
			inputFileListPaths = (
			);
			inputPaths = (
				"${PODS_PODFILE_DIR_PATH}/Podfile.lock",
				"${PODS_ROOT}/Manifest.lock",
			);
			name = "[CP] Check Pods Manifest.lock";
			outputFileListPaths = (
			);
			outputPaths = (
				"$(DERIVED_FILE_DIR)/Pods-Football LeagueTests-checkManifestLockResult.txt",
			);
			runOnlyForDeploymentPostprocessing = 0;
			shellPath = /bin/sh;
			shellScript = "diff \"${PODS_PODFILE_DIR_PATH}/Podfile.lock\" \"${PODS_ROOT}/Manifest.lock\" > /dev/null\nif [ $? != 0 ] ; then\n    # print error to STDERR\n    echo \"error: The sandbox is not in sync with the Podfile.lock. Run 'pod install' or update your CocoaPods installation.\" >&2\n    exit 1\nfi\n# This output is used by Xcode 'outputs' to avoid re-running this script phase.\necho \"SUCCESS\" > \"${SCRIPT_OUTPUT_FILE_0}\"\n";
			showEnvVarsInLog = 0;
		};
		9A5571946B63BE7EDBF30003 /* [CP] Check Pods Manifest.lock */ = {
			isa = PBXShellScriptBuildPhase;
			buildActionMask = 2147483647;
			files = (
			);
			inputFileListPaths = (
			);
			inputPaths = (
				"${PODS_PODFILE_DIR_PATH}/Podfile.lock",
				"${PODS_ROOT}/Manifest.lock",
			);
			name = "[CP] Check Pods Manifest.lock";
			outputFileListPaths = (
			);
			outputPaths = (
				"$(DERIVED_FILE_DIR)/Pods-Football League-Football LeagueUITests-checkManifestLockResult.txt",
			);
			runOnlyForDeploymentPostprocessing = 0;
			shellPath = /bin/sh;
			shellScript = "diff \"${PODS_PODFILE_DIR_PATH}/Podfile.lock\" \"${PODS_ROOT}/Manifest.lock\" > /dev/null\nif [ $? != 0 ] ; then\n    # print error to STDERR\n    echo \"error: The sandbox is not in sync with the Podfile.lock. Run 'pod install' or update your CocoaPods installation.\" >&2\n    exit 1\nfi\n# This output is used by Xcode 'outputs' to avoid re-running this script phase.\necho \"SUCCESS\" > \"${SCRIPT_OUTPUT_FILE_0}\"\n";
			showEnvVarsInLog = 0;
		};
/* End PBXShellScriptBuildPhase section */

/* Begin PBXSourcesBuildPhase section */
		E79657822575ADD400EEB79A /* Sources */ = {
			isa = PBXSourcesBuildPhase;
			buildActionMask = 2147483647;
			files = (
				E70114E325766C1B0077BF03 /* TeamDetailsVC+TableView.swift in Sources */,
				E79657FC2575AE7000EEB79A /* StringExtennsions.swift in Sources */,
				E79657FD2575AE7000EEB79A /* TeamDetailsModel.swift in Sources */,
				E7530C3D25784D0F007FEB5A /* FavouriteListVC+PresenterDelegate.swift in Sources */,
				E796588E257641F000EEB79A /* TeamPresenter.swift in Sources */,
				E7530C2425780E73007FEB5A /* SquadDB.swift in Sources */,
				E7965892257641F000EEB79A /* TeamInteractor.swift in Sources */,
				E79657FA2575AE7000EEB79A /* BaseViewController.swift in Sources */,
				E79658002575AE7000EEB79A /* APICallError.swift in Sources */,
				E79657F52575AE7000EEB79A /* TeamDetailsVC.swift in Sources */,
				E7530C3625784BBB007FEB5A /* FavouriteListVC+TableView.swift in Sources */,
				E7011516257714C80077BF03 /* TeamDB.swift in Sources */,
				E796588C257641F000EEB79A /* TeamTCell.swift in Sources */,
				E7965890257641F000EEB79A /* TeamVC+TableView.swift in Sources */,
				E7530C3525784BBB007FEB5A /* FavouriteListPresenter.swift in Sources */,
				E7530C292578391D007FEB5A /* FavTeamDB.swift in Sources */,
				E796578A2575ADD400EEB79A /* AppDelegate.swift in Sources */,
				E79657FE2575AE7000EEB79A /* TeamsDataModel.swift in Sources */,
				E7530C1F2577F932007FEB5A /* TeamDetailsDB.swift in Sources */,
				E7530C3825784BBB007FEB5A /* FavouriteListInteractor.swift in Sources */,
				E796587C257641E800EEB79A /* TeamDetailsPresenter.swift in Sources */,
				E70114CD25765C550077BF03 /* SVG+UImageView.swift in Sources */,
				E796578C2575ADD400EEB79A /* SceneDelegate.swift in Sources */,
				E796588F257641F000EEB79A /* TeamVC+PresenterDelegate.swift in Sources */,
				E79657FF2575AE7000EEB79A /* Reachability.swift in Sources */,
				E79658012575AE7000EEB79A /* AFWrapper.swift in Sources */,
				E796587B257641E800EEB79A /* TeamDetailsInteractor.swift in Sources */,
				E79657FB2575AE7000EEB79A /* Constants.swift in Sources */,
				E7530C3725784BBB007FEB5A /* FavouriteListVC.swift in Sources */,
				E796586D25761A3800EEB79A /* UIViewX.swift in Sources */,
				E70114D425766AAD0077BF03 /* SquadTCell.swift in Sources */,
				E796584D2576177D00EEB79A /* AlertCustom.swift in Sources */,
				E79658A4257648BF00EEB79A /* TeamDetailsVC+PresenterDelegate.swift in Sources */,
				E7965891257641F000EEB79A /* TeamVC.swift in Sources */,
			);
			runOnlyForDeploymentPostprocessing = 0;
		};
		E79657982575ADD700EEB79A /* Sources */ = {
			isa = PBXSourcesBuildPhase;
			buildActionMask = 2147483647;
			files = (
				E7E6041A257888BC006BC917 /* TeamDetailsTest.swift in Sources */,
				E7530C5825787270007FEB5A /* TeamsMock.swift in Sources */,
				E7E6042825788F42006BC917 /* FavTeamsTest.swift in Sources */,
				E79657A12575ADD700EEB79A /* TeamsTest.swift in Sources */,
				E7E604222578892A006BC917 /* TeamDetailsMock.swift in Sources */,
			);
			runOnlyForDeploymentPostprocessing = 0;
		};
		E79657A32575ADD700EEB79A /* Sources */ = {
			isa = PBXSourcesBuildPhase;
			buildActionMask = 2147483647;
			files = (
				E79657AC2575ADD700EEB79A /* Football_LeagueUITests.swift in Sources */,
			);
			runOnlyForDeploymentPostprocessing = 0;
		};
/* End PBXSourcesBuildPhase section */

/* Begin PBXTargetDependency section */
		E796579E2575ADD700EEB79A /* PBXTargetDependency */ = {
			isa = PBXTargetDependency;
			target = E79657852575ADD400EEB79A /* Football League */;
			targetProxy = E796579D2575ADD700EEB79A /* PBXContainerItemProxy */;
		};
		E79657A92575ADD700EEB79A /* PBXTargetDependency */ = {
			isa = PBXTargetDependency;
			target = E79657852575ADD400EEB79A /* Football League */;
			targetProxy = E79657A82575ADD700EEB79A /* PBXContainerItemProxy */;
		};
/* End PBXTargetDependency section */

/* Begin PBXVariantGroup section */
		E796578F2575ADD400EEB79A /* Main.storyboard */ = {
			isa = PBXVariantGroup;
			children = (
				E79657902575ADD400EEB79A /* Base */,
			);
			name = Main.storyboard;
			sourceTree = "<group>";
		};
		E79658582576184100EEB79A /* LaunchScreen.storyboard */ = {
			isa = PBXVariantGroup;
			children = (
				E79658592576184100EEB79A /* Base */,
			);
			name = LaunchScreen.storyboard;
			sourceTree = "<group>";
		};
/* End PBXVariantGroup section */

/* Begin XCBuildConfiguration section */
		E79657AE2575ADD700EEB79A /* Debug */ = {
			isa = XCBuildConfiguration;
			buildSettings = {
				ALWAYS_SEARCH_USER_PATHS = NO;
				CLANG_ANALYZER_NONNULL = YES;
				CLANG_ANALYZER_NUMBER_OBJECT_CONVERSION = YES_AGGRESSIVE;
				CLANG_CXX_LANGUAGE_STANDARD = "gnu++14";
				CLANG_CXX_LIBRARY = "libc++";
				CLANG_ENABLE_MODULES = YES;
				CLANG_ENABLE_OBJC_ARC = YES;
				CLANG_ENABLE_OBJC_WEAK = YES;
				CLANG_WARN_BLOCK_CAPTURE_AUTORELEASING = YES;
				CLANG_WARN_BOOL_CONVERSION = YES;
				CLANG_WARN_COMMA = YES;
				CLANG_WARN_CONSTANT_CONVERSION = YES;
				CLANG_WARN_DEPRECATED_OBJC_IMPLEMENTATIONS = YES;
				CLANG_WARN_DIRECT_OBJC_ISA_USAGE = YES_ERROR;
				CLANG_WARN_DOCUMENTATION_COMMENTS = YES;
				CLANG_WARN_EMPTY_BODY = YES;
				CLANG_WARN_ENUM_CONVERSION = YES;
				CLANG_WARN_INFINITE_RECURSION = YES;
				CLANG_WARN_INT_CONVERSION = YES;
				CLANG_WARN_NON_LITERAL_NULL_CONVERSION = YES;
				CLANG_WARN_OBJC_IMPLICIT_RETAIN_SELF = YES;
				CLANG_WARN_OBJC_LITERAL_CONVERSION = YES;
				CLANG_WARN_OBJC_ROOT_CLASS = YES_ERROR;
				CLANG_WARN_QUOTED_INCLUDE_IN_FRAMEWORK_HEADER = YES;
				CLANG_WARN_RANGE_LOOP_ANALYSIS = YES;
				CLANG_WARN_STRICT_PROTOTYPES = YES;
				CLANG_WARN_SUSPICIOUS_MOVE = YES;
				CLANG_WARN_UNGUARDED_AVAILABILITY = YES_AGGRESSIVE;
				CLANG_WARN_UNREACHABLE_CODE = YES;
				CLANG_WARN__DUPLICATE_METHOD_MATCH = YES;
				COPY_PHASE_STRIP = NO;
				DEBUG_INFORMATION_FORMAT = dwarf;
				ENABLE_STRICT_OBJC_MSGSEND = YES;
				ENABLE_TESTABILITY = YES;
				GCC_C_LANGUAGE_STANDARD = gnu11;
				GCC_DYNAMIC_NO_PIC = NO;
				GCC_NO_COMMON_BLOCKS = YES;
				GCC_OPTIMIZATION_LEVEL = 0;
				GCC_PREPROCESSOR_DEFINITIONS = (
					"DEBUG=1",
					"$(inherited)",
				);
				GCC_WARN_64_TO_32_BIT_CONVERSION = YES;
				GCC_WARN_ABOUT_RETURN_TYPE = YES_ERROR;
				GCC_WARN_UNDECLARED_SELECTOR = YES;
				GCC_WARN_UNINITIALIZED_AUTOS = YES_AGGRESSIVE;
				GCC_WARN_UNUSED_FUNCTION = YES;
				GCC_WARN_UNUSED_VARIABLE = YES;
				IPHONEOS_DEPLOYMENT_TARGET = 14.0;
				MTL_ENABLE_DEBUG_INFO = INCLUDE_SOURCE;
				MTL_FAST_MATH = YES;
				ONLY_ACTIVE_ARCH = YES;
				SDKROOT = iphoneos;
				SWIFT_ACTIVE_COMPILATION_CONDITIONS = DEBUG;
				SWIFT_OPTIMIZATION_LEVEL = "-Onone";
			};
			name = Debug;
		};
		E79657AF2575ADD700EEB79A /* Release */ = {
			isa = XCBuildConfiguration;
			buildSettings = {
				ALWAYS_SEARCH_USER_PATHS = NO;
				CLANG_ANALYZER_NONNULL = YES;
				CLANG_ANALYZER_NUMBER_OBJECT_CONVERSION = YES_AGGRESSIVE;
				CLANG_CXX_LANGUAGE_STANDARD = "gnu++14";
				CLANG_CXX_LIBRARY = "libc++";
				CLANG_ENABLE_MODULES = YES;
				CLANG_ENABLE_OBJC_ARC = YES;
				CLANG_ENABLE_OBJC_WEAK = YES;
				CLANG_WARN_BLOCK_CAPTURE_AUTORELEASING = YES;
				CLANG_WARN_BOOL_CONVERSION = YES;
				CLANG_WARN_COMMA = YES;
				CLANG_WARN_CONSTANT_CONVERSION = YES;
				CLANG_WARN_DEPRECATED_OBJC_IMPLEMENTATIONS = YES;
				CLANG_WARN_DIRECT_OBJC_ISA_USAGE = YES_ERROR;
				CLANG_WARN_DOCUMENTATION_COMMENTS = YES;
				CLANG_WARN_EMPTY_BODY = YES;
				CLANG_WARN_ENUM_CONVERSION = YES;
				CLANG_WARN_INFINITE_RECURSION = YES;
				CLANG_WARN_INT_CONVERSION = YES;
				CLANG_WARN_NON_LITERAL_NULL_CONVERSION = YES;
				CLANG_WARN_OBJC_IMPLICIT_RETAIN_SELF = YES;
				CLANG_WARN_OBJC_LITERAL_CONVERSION = YES;
				CLANG_WARN_OBJC_ROOT_CLASS = YES_ERROR;
				CLANG_WARN_QUOTED_INCLUDE_IN_FRAMEWORK_HEADER = YES;
				CLANG_WARN_RANGE_LOOP_ANALYSIS = YES;
				CLANG_WARN_STRICT_PROTOTYPES = YES;
				CLANG_WARN_SUSPICIOUS_MOVE = YES;
				CLANG_WARN_UNGUARDED_AVAILABILITY = YES_AGGRESSIVE;
				CLANG_WARN_UNREACHABLE_CODE = YES;
				CLANG_WARN__DUPLICATE_METHOD_MATCH = YES;
				COPY_PHASE_STRIP = NO;
				DEBUG_INFORMATION_FORMAT = "dwarf-with-dsym";
				ENABLE_NS_ASSERTIONS = NO;
				ENABLE_STRICT_OBJC_MSGSEND = YES;
				GCC_C_LANGUAGE_STANDARD = gnu11;
				GCC_NO_COMMON_BLOCKS = YES;
				GCC_WARN_64_TO_32_BIT_CONVERSION = YES;
				GCC_WARN_ABOUT_RETURN_TYPE = YES_ERROR;
				GCC_WARN_UNDECLARED_SELECTOR = YES;
				GCC_WARN_UNINITIALIZED_AUTOS = YES_AGGRESSIVE;
				GCC_WARN_UNUSED_FUNCTION = YES;
				GCC_WARN_UNUSED_VARIABLE = YES;
				IPHONEOS_DEPLOYMENT_TARGET = 14.0;
				MTL_ENABLE_DEBUG_INFO = NO;
				MTL_FAST_MATH = YES;
				SDKROOT = iphoneos;
				SWIFT_COMPILATION_MODE = wholemodule;
				SWIFT_OPTIMIZATION_LEVEL = "-O";
				VALIDATE_PRODUCT = YES;
			};
			name = Release;
		};
		E79657B12575ADD700EEB79A /* Debug */ = {
			isa = XCBuildConfiguration;
			baseConfigurationReference = 09E669B0B8F92D40170084DC /* Pods-Football League.debug.xcconfig */;
			buildSettings = {
				ASSETCATALOG_COMPILER_APPICON_NAME = AppIcon;
				ASSETCATALOG_COMPILER_GLOBAL_ACCENT_COLOR_NAME = AccentColor;
				CODE_SIGN_STYLE = Automatic;
				DEVELOPMENT_TEAM = 9WAE633KC5;
				INFOPLIST_FILE = "Football League/Info.plist";
				LD_RUNPATH_SEARCH_PATHS = (
					"$(inherited)",
					"@executable_path/Frameworks",
				);
				PRODUCT_BUNDLE_IDENTIFIER = "Com.Talentsarena.Football.Football-League";
				PRODUCT_NAME = "$(TARGET_NAME)";
				SWIFT_VERSION = 5.0;
				TARGETED_DEVICE_FAMILY = "1,2";
			};
			name = Debug;
		};
		E79657B22575ADD700EEB79A /* Release */ = {
			isa = XCBuildConfiguration;
			baseConfigurationReference = DF4F668ADE165C4BFBB44908 /* Pods-Football League.release.xcconfig */;
			buildSettings = {
				ASSETCATALOG_COMPILER_APPICON_NAME = AppIcon;
				ASSETCATALOG_COMPILER_GLOBAL_ACCENT_COLOR_NAME = AccentColor;
				CODE_SIGN_STYLE = Automatic;
				DEVELOPMENT_TEAM = 9WAE633KC5;
				INFOPLIST_FILE = "Football League/Info.plist";
				LD_RUNPATH_SEARCH_PATHS = (
					"$(inherited)",
					"@executable_path/Frameworks",
				);
				PRODUCT_BUNDLE_IDENTIFIER = "Com.Talentsarena.Football.Football-League";
				PRODUCT_NAME = "$(TARGET_NAME)";
				SWIFT_VERSION = 5.0;
				TARGETED_DEVICE_FAMILY = "1,2";
			};
			name = Release;
		};
		E79657B42575ADD700EEB79A /* Debug */ = {
			isa = XCBuildConfiguration;
			baseConfigurationReference = 01A503F878344649A86D8A4A /* Pods-Football LeagueTests.debug.xcconfig */;
			buildSettings = {
				ALWAYS_EMBED_SWIFT_STANDARD_LIBRARIES = YES;
				BUNDLE_LOADER = "$(TEST_HOST)";
				CODE_SIGN_STYLE = Automatic;
				DEVELOPMENT_TEAM = 9WAE633KC5;
				INFOPLIST_FILE = "Football LeagueTests/Info.plist";
				IPHONEOS_DEPLOYMENT_TARGET = 14.0;
				LD_RUNPATH_SEARCH_PATHS = (
					"$(inherited)",
					"@executable_path/Frameworks",
					"@loader_path/Frameworks",
				);
				PRODUCT_BUNDLE_IDENTIFIER = "Com.Talentsarena.Football.Football-LeagueTests";
				PRODUCT_NAME = "$(TARGET_NAME)";
				SWIFT_VERSION = 5.0;
				TARGETED_DEVICE_FAMILY = "1,2";
				TEST_HOST = "$(BUILT_PRODUCTS_DIR)/Football League.app/Football League";
			};
			name = Debug;
		};
		E79657B52575ADD700EEB79A /* Release */ = {
			isa = XCBuildConfiguration;
			baseConfigurationReference = 6785388AE18FF247744E9994 /* Pods-Football LeagueTests.release.xcconfig */;
			buildSettings = {
				ALWAYS_EMBED_SWIFT_STANDARD_LIBRARIES = YES;
				BUNDLE_LOADER = "$(TEST_HOST)";
				CODE_SIGN_STYLE = Automatic;
				DEVELOPMENT_TEAM = 9WAE633KC5;
				INFOPLIST_FILE = "Football LeagueTests/Info.plist";
				IPHONEOS_DEPLOYMENT_TARGET = 14.0;
				LD_RUNPATH_SEARCH_PATHS = (
					"$(inherited)",
					"@executable_path/Frameworks",
					"@loader_path/Frameworks",
				);
				PRODUCT_BUNDLE_IDENTIFIER = "Com.Talentsarena.Football.Football-LeagueTests";
				PRODUCT_NAME = "$(TARGET_NAME)";
				SWIFT_VERSION = 5.0;
				TARGETED_DEVICE_FAMILY = "1,2";
				TEST_HOST = "$(BUILT_PRODUCTS_DIR)/Football League.app/Football League";
			};
			name = Release;
		};
		E79657B72575ADD700EEB79A /* Debug */ = {
			isa = XCBuildConfiguration;
			baseConfigurationReference = D9997B72EA990252697110BA /* Pods-Football League-Football LeagueUITests.debug.xcconfig */;
			buildSettings = {
				ALWAYS_EMBED_SWIFT_STANDARD_LIBRARIES = YES;
				CODE_SIGN_STYLE = Automatic;
				DEVELOPMENT_TEAM = 9WAE633KC5;
				INFOPLIST_FILE = "Football LeagueUITests/Info.plist";
				LD_RUNPATH_SEARCH_PATHS = (
					"$(inherited)",
					"@executable_path/Frameworks",
					"@loader_path/Frameworks",
				);
				PRODUCT_BUNDLE_IDENTIFIER = "Com.Talentsarena.Football.Football-LeagueUITests";
				PRODUCT_NAME = "$(TARGET_NAME)";
				SWIFT_VERSION = 5.0;
				TARGETED_DEVICE_FAMILY = "1,2";
				TEST_TARGET_NAME = "Football League";
			};
			name = Debug;
		};
		E79657B82575ADD700EEB79A /* Release */ = {
			isa = XCBuildConfiguration;
			baseConfigurationReference = 94770182D4F00EF1C9405190 /* Pods-Football League-Football LeagueUITests.release.xcconfig */;
			buildSettings = {
				ALWAYS_EMBED_SWIFT_STANDARD_LIBRARIES = YES;
				CODE_SIGN_STYLE = Automatic;
				DEVELOPMENT_TEAM = 9WAE633KC5;
				INFOPLIST_FILE = "Football LeagueUITests/Info.plist";
				LD_RUNPATH_SEARCH_PATHS = (
					"$(inherited)",
					"@executable_path/Frameworks",
					"@loader_path/Frameworks",
				);
				PRODUCT_BUNDLE_IDENTIFIER = "Com.Talentsarena.Football.Football-LeagueUITests";
				PRODUCT_NAME = "$(TARGET_NAME)";
				SWIFT_VERSION = 5.0;
				TARGETED_DEVICE_FAMILY = "1,2";
				TEST_TARGET_NAME = "Football League";
			};
			name = Release;
		};
/* End XCBuildConfiguration section */

/* Begin XCConfigurationList section */
		E79657812575ADD400EEB79A /* Build configuration list for PBXProject "Football League" */ = {
			isa = XCConfigurationList;
			buildConfigurations = (
				E79657AE2575ADD700EEB79A /* Debug */,
				E79657AF2575ADD700EEB79A /* Release */,
			);
			defaultConfigurationIsVisible = 0;
			defaultConfigurationName = Release;
		};
		E79657B02575ADD700EEB79A /* Build configuration list for PBXNativeTarget "Football League" */ = {
			isa = XCConfigurationList;
			buildConfigurations = (
				E79657B12575ADD700EEB79A /* Debug */,
				E79657B22575ADD700EEB79A /* Release */,
			);
			defaultConfigurationIsVisible = 0;
			defaultConfigurationName = Release;
		};
		E79657B32575ADD700EEB79A /* Build configuration list for PBXNativeTarget "Football LeagueTests" */ = {
			isa = XCConfigurationList;
			buildConfigurations = (
				E79657B42575ADD700EEB79A /* Debug */,
				E79657B52575ADD700EEB79A /* Release */,
			);
			defaultConfigurationIsVisible = 0;
			defaultConfigurationName = Release;
		};
		E79657B62575ADD700EEB79A /* Build configuration list for PBXNativeTarget "Football LeagueUITests" */ = {
			isa = XCConfigurationList;
			buildConfigurations = (
				E79657B72575ADD700EEB79A /* Debug */,
				E79657B82575ADD700EEB79A /* Release */,
			);
			defaultConfigurationIsVisible = 0;
			defaultConfigurationName = Release;
		};
/* End XCConfigurationList section */
	};
	rootObject = E796577E2575ADD400EEB79A /* Project object */;
}
