// !$*UTF8*$!
{
	archiveVersion = 1;
	classes = {
	};
	objectVersion = 50;
	objects = {

/* Begin PBXBuildFile section */
		E796578A2575ADD400EEB79A /* AppDelegate.swift in Sources */ = {isa = PBXBuildFile; fileRef = E79657892575ADD400EEB79A /* AppDelegate.swift */; };
		E796578C2575ADD400EEB79A /* SceneDelegate.swift in Sources */ = {isa = PBXBuildFile; fileRef = E796578B2575ADD400EEB79A /* SceneDelegate.swift */; };
		E796578E2575ADD400EEB79A /* ViewController.swift in Sources */ = {isa = PBXBuildFile; fileRef = E796578D2575ADD400EEB79A /* ViewController.swift */; };
		E79657912575ADD400EEB79A /* Main.storyboard in Resources */ = {isa = PBXBuildFile; fileRef = E796578F2575ADD400EEB79A /* Main.storyboard */; };
		E79657932575ADD600EEB79A /* Assets.xcassets in Resources */ = {isa = PBXBuildFile; fileRef = E79657922575ADD600EEB79A /* Assets.xcassets */; };
		E79657962575ADD600EEB79A /* LaunchScreen.storyboard in Resources */ = {isa = PBXBuildFile; fileRef = E79657942575ADD600EEB79A /* LaunchScreen.storyboard */; };
		E79657A12575ADD700EEB79A /* Football_LeagueTests.swift in Sources */ = {isa = PBXBuildFile; fileRef = E79657A02575ADD700EEB79A /* Football_LeagueTests.swift */; };
		E79657AC2575ADD700EEB79A /* Football_LeagueUITests.swift in Sources */ = {isa = PBXBuildFile; fileRef = E79657AB2575ADD700EEB79A /* Football_LeagueUITests.swift */; };
/* End PBXBuildFile section */

/* Begin PBXContainerItemProxy section */
		E796579D2575ADD700EEB79A /* PBXContainerItemProxy */ = {
			isa = PBXContainerItemProxy;
			containerPortal = E796577E2575ADD400EEB79A /* Project object */;
			proxyType = 1;
			remoteGlobalIDString = E79657852575ADD400EEB79A;
			remoteInfo = "Football League";
		};
		E79657A82575ADD700EEB79A /* PBXContainerItemProxy */ = {
			isa = PBXContainerItemProxy;
			containerPortal = E796577E2575ADD400EEB79A /* Project object */;
			proxyType = 1;
			remoteGlobalIDString = E79657852575ADD400EEB79A;
			remoteInfo = "Football League";
		};
/* End PBXContainerItemProxy section */

/* Begin PBXFileReference section */
		E79657862575ADD400EEB79A /* Football League.app */ = {isa = PBXFileReference; explicitFileType = wrapper.application; includeInIndex = 0; path = "Football League.app"; sourceTree = BUILT_PRODUCTS_DIR; };
		E79657892575ADD400EEB79A /* AppDelegate.swift */ = {isa = PBXFileReference; lastKnownFileType = sourcecode.swift; path = AppDelegate.swift; sourceTree = "<group>"; };
		E796578B2575ADD400EEB79A /* SceneDelegate.swift */ = {isa = PBXFileReference; lastKnownFileType = sourcecode.swift; path = SceneDelegate.swift; sourceTree = "<group>"; };
		E796578D2575ADD400EEB79A /* ViewController.swift */ = {isa = PBXFileReference; lastKnownFileType = sourcecode.swift; path = ViewController.swift; sourceTree = "<group>"; };
		E79657902575ADD400EEB79A /* Base */ = {isa = PBXFileReference; lastKnownFileType = file.storyboard; name = Base; path = Base.lproj/Main.storyboard; sourceTree = "<group>"; };
		E79657922575ADD600EEB79A /* Assets.xcassets */ = {isa = PBXFileReference; lastKnownFileType = folder.assetcatalog; path = Assets.xcassets; sourceTree = "<group>"; };
		E79657952575ADD600EEB79A /* Base */ = {isa = PBXFileReference; lastKnownFileType = file.storyboard; name = Base; path = Base.lproj/LaunchScreen.storyboard; sourceTree = "<group>"; };
		E79657972575ADD600EEB79A /* Info.plist */ = {isa = PBXFileReference; lastKnownFileType = text.plist.xml; path = Info.plist; sourceTree = "<group>"; };
		E796579C2575ADD700EEB79A /* Football LeagueTests.xctest */ = {isa = PBXFileReference; explicitFileType = wrapper.cfbundle; includeInIndex = 0; path = "Football LeagueTests.xctest"; sourceTree = BUILT_PRODUCTS_DIR; };
		E79657A02575ADD700EEB79A /* Football_LeagueTests.swift */ = {isa = PBXFileReference; lastKnownFileType = sourcecode.swift; path = Football_LeagueTests.swift; sourceTree = "<group>"; };
		E79657A22575ADD700EEB79A /* Info.plist */ = {isa = PBXFileReference; lastKnownFileType = text.plist.xml; path = Info.plist; sourceTree = "<group>"; };
		E79657A72575ADD700EEB79A /* Football LeagueUITests.xctest */ = {isa = PBXFileReference; explicitFileType = wrapper.cfbundle; includeInIndex = 0; path = "Football LeagueUITests.xctest"; sourceTree = BUILT_PRODUCTS_DIR; };
		E79657AB2575ADD700EEB79A /* Football_LeagueUITests.swift */ = {isa = PBXFileReference; lastKnownFileType = sourcecode.swift; path = Football_LeagueUITests.swift; sourceTree = "<group>"; };
		E79657AD2575ADD700EEB79A /* Info.plist */ = {isa = PBXFileReference; lastKnownFileType = text.plist.xml; path = Info.plist; sourceTree = "<group>"; };
/* End PBXFileReference section */

/* Begin PBXFrameworksBuildPhase section */
		E79657832575ADD400EEB79A /* Frameworks */ = {
			isa = PBXFrameworksBuildPhase;
			buildActionMask = 2147483647;
			files = (
			);
			runOnlyForDeploymentPostprocessing = 0;
		};
		E79657992575ADD700EEB79A /* Frameworks */ = {
			isa = PBXFrameworksBuildPhase;
			buildActionMask = 2147483647;
			files = (
			);
			runOnlyForDeploymentPostprocessing = 0;
		};
		E79657A42575ADD700EEB79A /* Frameworks */ = {
			isa = PBXFrameworksBuildPhase;
			buildActionMask = 2147483647;
			files = (
			);
			runOnlyForDeploymentPostprocessing = 0;
		};
/* End PBXFrameworksBuildPhase section */

/* Begin PBXGroup section */
		E796577D2575ADD400EEB79A = {
			isa = PBXGroup;
			children = (
				E79657882575ADD400EEB79A /* Football League */,
				E796579F2575ADD700EEB79A /* Football LeagueTests */,
				E79657AA2575ADD700EEB79A /* Football LeagueUITests */,
				E79657872575ADD400EEB79A /* Products */,
			);
			sourceTree = "<group>";
		};
		E79657872575ADD400EEB79A /* Products */ = {
			isa = PBXGroup;
			children = (
				E79657862575ADD400EEB79A /* Football League.app */,
				E796579C2575ADD700EEB79A /* Football LeagueTests.xctest */,
				E79657A72575ADD700EEB79A /* Football LeagueUITests.xctest */,
			);
			name = Products;
			sourceTree = "<group>";
		};
		E79657882575ADD400EEB79A /* Football League */ = {
			isa = PBXGroup;
			children = (
				E79657892575ADD400EEB79A /* AppDelegate.swift */,
				E796578B2575ADD400EEB79A /* SceneDelegate.swift */,
				E796578D2575ADD400EEB79A /* ViewController.swift */,
				E796578F2575ADD400EEB79A /* Main.storyboard */,
				E79657922575ADD600EEB79A /* Assets.xcassets */,
				E79657942575ADD600EEB79A /* LaunchScreen.storyboard */,
				E79657972575ADD600EEB79A /* Info.plist */,
			);
			path = "Football League";
			sourceTree = "<group>";
		};
		E796579F2575ADD700EEB79A /* Football LeagueTests */ = {
			isa = PBXGroup;
			children = (
				E79657A02575ADD700EEB79A /* Football_LeagueTests.swift */,
				E79657A22575ADD700EEB79A /* Info.plist */,
			);
			path = "Football LeagueTests";
			sourceTree = "<group>";
		};
		E79657AA2575ADD700EEB79A /* Football LeagueUITests */ = {
			isa = PBXGroup;
			children = (
				E79657AB2575ADD700EEB79A /* Football_LeagueUITests.swift */,
				E79657AD2575ADD700EEB79A /* Info.plist */,
			);
			path = "Football LeagueUITests";
			sourceTree = "<group>";
		};
/* End PBXGroup section */

/* Begin PBXNativeTarget section */
		E79657852575ADD400EEB79A /* Football League */ = {
			isa = PBXNativeTarget;
			buildConfigurationList = E79657B02575ADD700EEB79A /* Build configuration list for PBXNativeTarget "Football League" */;
			buildPhases = (
				E79657822575ADD400EEB79A /* Sources */,
				E79657832575ADD400EEB79A /* Frameworks */,
				E79657842575ADD400EEB79A /* Resources */,
			);
			buildRules = (
			);
			dependencies = (
			);
			name = "Football League";
			productName = "Football League";
			productReference = E79657862575ADD400EEB79A /* Football League.app */;
			productType = "com.apple.product-type.application";
		};
		E796579B2575ADD700EEB79A /* Football LeagueTests */ = {
			isa = PBXNativeTarget;
			buildConfigurationList = E79657B32575ADD700EEB79A /* Build configuration list for PBXNativeTarget "Football LeagueTests" */;
			buildPhases = (
				E79657982575ADD700EEB79A /* Sources */,
				E79657992575ADD700EEB79A /* Frameworks */,
				E796579A2575ADD700EEB79A /* Resources */,
			);
			buildRules = (
			);
			dependencies = (
				E796579E2575ADD700EEB79A /* PBXTargetDependency */,
			);
			name = "Football LeagueTests";
			productName = "Football LeagueTests";
			productReference = E796579C2575ADD700EEB79A /* Football LeagueTests.xctest */;
			productType = "com.apple.product-type.bundle.unit-test";
		};
		E79657A62575ADD700EEB79A /* Football LeagueUITests */ = {
			isa = PBXNativeTarget;
			buildConfigurationList = E79657B62575ADD700EEB79A /* Build configuration list for PBXNativeTarget "Football LeagueUITests" */;
			buildPhases = (
				E79657A32575ADD700EEB79A /* Sources */,
				E79657A42575ADD700EEB79A /* Frameworks */,
				E79657A52575ADD700EEB79A /* Resources */,
			);
			buildRules = (
			);
			dependencies = (
				E79657A92575ADD700EEB79A /* PBXTargetDependency */,
			);
			name = "Football LeagueUITests";
			productName = "Football LeagueUITests";
			productReference = E79657A72575ADD700EEB79A /* Football LeagueUITests.xctest */;
			productType = "com.apple.product-type.bundle.ui-testing";
		};
/* End PBXNativeTarget section */

/* Begin PBXProject section */
		E796577E2575ADD400EEB79A /* Project object */ = {
			isa = PBXProject;
			attributes = {
				LastSwiftUpdateCheck = 1200;
				LastUpgradeCheck = 1200;
				TargetAttributes = {
					E79657852575ADD400EEB79A = {
						CreatedOnToolsVersion = 12.0.1;
					};
					E796579B2575ADD700EEB79A = {
						CreatedOnToolsVersion = 12.0.1;
						TestTargetID = E79657852575ADD400EEB79A;
					};
					E79657A62575ADD700EEB79A = {
						CreatedOnToolsVersion = 12.0.1;
						TestTargetID = E79657852575ADD400EEB79A;
					};
				};
			};
			buildConfigurationList = E79657812575ADD400EEB79A /* Build configuration list for PBXProject "Football League" */;
			compatibilityVersion = "Xcode 9.3";
			developmentRegion = en;
			hasScannedForEncodings = 0;
			knownRegions = (
				en,
				Base,
			);
			mainGroup = E796577D2575ADD400EEB79A;
			productRefGroup = E79657872575ADD400EEB79A /* Products */;
			projectDirPath = "";
			projectRoot = "";
			targets = (
				E79657852575ADD400EEB79A /* Football League */,
				E796579B2575ADD700EEB79A /* Football LeagueTests */,
				E79657A62575ADD700EEB79A /* Football LeagueUITests */,
			);
		};
/* End PBXProject section */

/* Begin PBXResourcesBuildPhase section */
		E79657842575ADD400EEB79A /* Resources */ = {
			isa = PBXResourcesBuildPhase;
			buildActionMask = 2147483647;
			files = (
				E79657962575ADD600EEB79A /* LaunchScreen.storyboard in Resources */,
				E79657932575ADD600EEB79A /* Assets.xcassets in Resources */,
				E79657912575ADD400EEB79A /* Main.storyboard in Resources */,
			);
			runOnlyForDeploymentPostprocessing = 0;
		};
		E796579A2575ADD700EEB79A /* Resources */ = {
			isa = PBXResourcesBuildPhase;
			buildActionMask = 2147483647;
			files = (
			);
			runOnlyForDeploymentPostprocessing = 0;
		};
		E79657A52575ADD700EEB79A /* Resources */ = {
			isa = PBXResourcesBuildPhase;
			buildActionMask = 2147483647;
			files = (
			);
			runOnlyForDeploymentPostprocessing = 0;
		};
/* End PBXResourcesBuildPhase section */

/* Begin PBXSourcesBuildPhase section */
		E79657822575ADD400EEB79A /* Sources */ = {
			isa = PBXSourcesBuildPhase;
			buildActionMask = 2147483647;
			files = (
				E796578E2575ADD400EEB79A /* ViewController.swift in Sources */,
				E796578A2575ADD400EEB79A /* AppDelegate.swift in Sources */,
				E796578C2575ADD400EEB79A /* SceneDelegate.swift in Sources */,
			);
			runOnlyForDeploymentPostprocessing = 0;
		};
		E79657982575ADD700EEB79A /* Sources */ = {
			isa = PBXSourcesBuildPhase;
			buildActionMask = 2147483647;
			files = (
				E79657A12575ADD700EEB79A /* Football_LeagueTests.swift in Sources */,
			);
			runOnlyForDeploymentPostprocessing = 0;
		};
		E79657A32575ADD700EEB79A /* Sources */ = {
			isa = PBXSourcesBuildPhase;
			buildActionMask = 2147483647;
			files = (
				E79657AC2575ADD700EEB79A /* Football_LeagueUITests.swift in Sources */,
			);
			runOnlyForDeploymentPostprocessing = 0;
		};
/* End PBXSourcesBuildPhase section */

/* Begin PBXTargetDependency section */
		E796579E2575ADD700EEB79A /* PBXTargetDependency */ = {
			isa = PBXTargetDependency;
			target = E79657852575ADD400EEB79A /* Football League */;
			targetProxy = E796579D2575ADD700EEB79A /* PBXContainerItemProxy */;
		};
		E79657A92575ADD700EEB79A /* PBXTargetDependency */ = {
			isa = PBXTargetDependency;
			target = E79657852575ADD400EEB79A /* Football League */;
			targetProxy = E79657A82575ADD700EEB79A /* PBXContainerItemProxy */;
		};
/* End PBXTargetDependency section */

/* Begin PBXVariantGroup section */
		E796578F2575ADD400EEB79A /* Main.storyboard */ = {
			isa = PBXVariantGroup;
			children = (
				E79657902575ADD400EEB79A /* Base */,
			);
			name = Main.storyboard;
			sourceTree = "<group>";
		};
		E79657942575ADD600EEB79A /* LaunchScreen.storyboard */ = {
			isa = PBXVariantGroup;
			children = (
				E79657952575ADD600EEB79A /* Base */,
			);
			name = LaunchScreen.storyboard;
			sourceTree = "<group>";
		};
/* End PBXVariantGroup section */

/* Begin XCBuildConfiguration section */
		E79657AE2575ADD700EEB79A /* Debug */ = {
			isa = XCBuildConfiguration;
			buildSettings = {
				ALWAYS_SEARCH_USER_PATHS = NO;
				CLANG_ANALYZER_NONNULL = YES;
				CLANG_ANALYZER_NUMBER_OBJECT_CONVERSION = YES_AGGRESSIVE;
				CLANG_CXX_LANGUAGE_STANDARD = "gnu++14";
				CLANG_CXX_LIBRARY = "libc++";
				CLANG_ENABLE_MODULES = YES;
				CLANG_ENABLE_OBJC_ARC = YES;
				CLANG_ENABLE_OBJC_WEAK = YES;
				CLANG_WARN_BLOCK_CAPTURE_AUTORELEASING = YES;
				CLANG_WARN_BOOL_CONVERSION = YES;
				CLANG_WARN_COMMA = YES;
				CLANG_WARN_CONSTANT_CONVERSION = YES;
				CLANG_WARN_DEPRECATED_OBJC_IMPLEMENTATIONS = YES;
				CLANG_WARN_DIRECT_OBJC_ISA_USAGE = YES_ERROR;
				CLANG_WARN_DOCUMENTATION_COMMENTS = YES;
				CLANG_WARN_EMPTY_BODY = YES;
				CLANG_WARN_ENUM_CONVERSION = YES;
				CLANG_WARN_INFINITE_RECURSION = YES;
				CLANG_WARN_INT_CONVERSION = YES;
				CLANG_WARN_NON_LITERAL_NULL_CONVERSION = YES;
				CLANG_WARN_OBJC_IMPLICIT_RETAIN_SELF = YES;
				CLANG_WARN_OBJC_LITERAL_CONVERSION = YES;
				CLANG_WARN_OBJC_ROOT_CLASS = YES_ERROR;
				CLANG_WARN_QUOTED_INCLUDE_IN_FRAMEWORK_HEADER = YES;
				CLANG_WARN_RANGE_LOOP_ANALYSIS = YES;
				CLANG_WARN_STRICT_PROTOTYPES = YES;
				CLANG_WARN_SUSPICIOUS_MOVE = YES;
				CLANG_WARN_UNGUARDED_AVAILABILITY = YES_AGGRESSIVE;
				CLANG_WARN_UNREACHABLE_CODE = YES;
				CLANG_WARN__DUPLICATE_METHOD_MATCH = YES;
				COPY_PHASE_STRIP = NO;
				DEBUG_INFORMATION_FORMAT = dwarf;
				ENABLE_STRICT_OBJC_MSGSEND = YES;
				ENABLE_TESTABILITY = YES;
				GCC_C_LANGUAGE_STANDARD = gnu11;
				GCC_DYNAMIC_NO_PIC = NO;
				GCC_NO_COMMON_BLOCKS = YES;
				GCC_OPTIMIZATION_LEVEL = 0;
				GCC_PREPROCESSOR_DEFINITIONS = (
					"DEBUG=1",
					"$(inherited)",
				);
				GCC_WARN_64_TO_32_BIT_CONVERSION = YES;
				GCC_WARN_ABOUT_RETURN_TYPE = YES_ERROR;
				GCC_WARN_UNDECLARED_SELECTOR = YES;
				GCC_WARN_UNINITIALIZED_AUTOS = YES_AGGRESSIVE;
				GCC_WARN_UNUSED_FUNCTION = YES;
				GCC_WARN_UNUSED_VARIABLE = YES;
				IPHONEOS_DEPLOYMENT_TARGET = 14.0;
				MTL_ENABLE_DEBUG_INFO = INCLUDE_SOURCE;
				MTL_FAST_MATH = YES;
				ONLY_ACTIVE_ARCH = YES;
				SDKROOT = iphoneos;
				SWIFT_ACTIVE_COMPILATION_CONDITIONS = DEBUG;
				SWIFT_OPTIMIZATION_LEVEL = "-Onone";
			};
			name = Debug;
		};
		E79657AF2575ADD700EEB79A /* Release */ = {
			isa = XCBuildConfiguration;
			buildSettings = {
				ALWAYS_SEARCH_USER_PATHS = NO;
				CLANG_ANALYZER_NONNULL = YES;
				CLANG_ANALYZER_NUMBER_OBJECT_CONVERSION = YES_AGGRESSIVE;
				CLANG_CXX_LANGUAGE_STANDARD = "gnu++14";
				CLANG_CXX_LIBRARY = "libc++";
				CLANG_ENABLE_MODULES = YES;
				CLANG_ENABLE_OBJC_ARC = YES;
				CLANG_ENABLE_OBJC_WEAK = YES;
				CLANG_WARN_BLOCK_CAPTURE_AUTORELEASING = YES;
				CLANG_WARN_BOOL_CONVERSION = YES;
				CLANG_WARN_COMMA = YES;
				CLANG_WARN_CONSTANT_CONVERSION = YES;
				CLANG_WARN_DEPRECATED_OBJC_IMPLEMENTATIONS = YES;
				CLANG_WARN_DIRECT_OBJC_ISA_USAGE = YES_ERROR;
				CLANG_WARN_DOCUMENTATION_COMMENTS = YES;
				CLANG_WARN_EMPTY_BODY = YES;
				CLANG_WARN_ENUM_CONVERSION = YES;
				CLANG_WARN_INFINITE_RECURSION = YES;
				CLANG_WARN_INT_CONVERSION = YES;
				CLANG_WARN_NON_LITERAL_NULL_CONVERSION = YES;
				CLANG_WARN_OBJC_IMPLICIT_RETAIN_SELF = YES;
				CLANG_WARN_OBJC_LITERAL_CONVERSION = YES;
				CLANG_WARN_OBJC_ROOT_CLASS = YES_ERROR;
				CLANG_WARN_QUOTED_INCLUDE_IN_FRAMEWORK_HEADER = YES;
				CLANG_WARN_RANGE_LOOP_ANALYSIS = YES;
				CLANG_WARN_STRICT_PROTOTYPES = YES;
				CLANG_WARN_SUSPICIOUS_MOVE = YES;
				CLANG_WARN_UNGUARDED_AVAILABILITY = YES_AGGRESSIVE;
				CLANG_WARN_UNREACHABLE_CODE = YES;
				CLANG_WARN__DUPLICATE_METHOD_MATCH = YES;
				COPY_PHASE_STRIP = NO;
				DEBUG_INFORMATION_FORMAT = "dwarf-with-dsym";
				ENABLE_NS_ASSERTIONS = NO;
				ENABLE_STRICT_OBJC_MSGSEND = YES;
				GCC_C_LANGUAGE_STANDARD = gnu11;
				GCC_NO_COMMON_BLOCKS = YES;
				GCC_WARN_64_TO_32_BIT_CONVERSION = YES;
				GCC_WARN_ABOUT_RETURN_TYPE = YES_ERROR;
				GCC_WARN_UNDECLARED_SELECTOR = YES;
				GCC_WARN_UNINITIALIZED_AUTOS = YES_AGGRESSIVE;
				GCC_WARN_UNUSED_FUNCTION = YES;
				GCC_WARN_UNUSED_VARIABLE = YES;
				IPHONEOS_DEPLOYMENT_TARGET = 14.0;
				MTL_ENABLE_DEBUG_INFO = NO;
				MTL_FAST_MATH = YES;
				SDKROOT = iphoneos;
				SWIFT_COMPILATION_MODE = wholemodule;
				SWIFT_OPTIMIZATION_LEVEL = "-O";
				VALIDATE_PRODUCT = YES;
			};
			name = Release;
		};
		E79657B12575ADD700EEB79A /* Debug */ = {
			isa = XCBuildConfiguration;
			buildSettings = {
				ASSETCATALOG_COMPILER_APPICON_NAME = AppIcon;
				ASSETCATALOG_COMPILER_GLOBAL_ACCENT_COLOR_NAME = AccentColor;
				CODE_SIGN_STYLE = Automatic;
				DEVELOPMENT_TEAM = 9WAE633KC5;
				INFOPLIST_FILE = "Football League/Info.plist";
				LD_RUNPATH_SEARCH_PATHS = (
					"$(inherited)",
					"@executable_path/Frameworks",
				);
				PRODUCT_BUNDLE_IDENTIFIER = "Com.Talentsarena.Football.Football-League";
				PRODUCT_NAME = "$(TARGET_NAME)";
				SWIFT_VERSION = 5.0;
				TARGETED_DEVICE_FAMILY = "1,2";
			};
			name = Debug;
		};
		E79657B22575ADD700EEB79A /* Release */ = {
			isa = XCBuildConfiguration;
			buildSettings = {
				ASSETCATALOG_COMPILER_APPICON_NAME = AppIcon;
				ASSETCATALOG_COMPILER_GLOBAL_ACCENT_COLOR_NAME = AccentColor;
				CODE_SIGN_STYLE = Automatic;
				DEVELOPMENT_TEAM = 9WAE633KC5;
				INFOPLIST_FILE = "Football League/Info.plist";
				LD_RUNPATH_SEARCH_PATHS = (
					"$(inherited)",
					"@executable_path/Frameworks",
				);
				PRODUCT_BUNDLE_IDENTIFIER = "Com.Talentsarena.Football.Football-League";
				PRODUCT_NAME = "$(TARGET_NAME)";
				SWIFT_VERSION = 5.0;
				TARGETED_DEVICE_FAMILY = "1,2";
			};
			name = Release;
		};
		E79657B42575ADD700EEB79A /* Debug */ = {
			isa = XCBuildConfiguration;
			buildSettings = {
				ALWAYS_EMBED_SWIFT_STANDARD_LIBRARIES = YES;
				BUNDLE_LOADER = "$(TEST_HOST)";
				CODE_SIGN_STYLE = Automatic;
				DEVELOPMENT_TEAM = 9WAE633KC5;
				INFOPLIST_FILE = "Football LeagueTests/Info.plist";
				IPHONEOS_DEPLOYMENT_TARGET = 14.0;
				LD_RUNPATH_SEARCH_PATHS = (
					"$(inherited)",
					"@executable_path/Frameworks",
					"@loader_path/Frameworks",
				);
				PRODUCT_BUNDLE_IDENTIFIER = "Com.Talentsarena.Football.Football-LeagueTests";
				PRODUCT_NAME = "$(TARGET_NAME)";
				SWIFT_VERSION = 5.0;
				TARGETED_DEVICE_FAMILY = "1,2";
				TEST_HOST = "$(BUILT_PRODUCTS_DIR)/Football League.app/Football League";
			};
			name = Debug;
		};
		E79657B52575ADD700EEB79A /* Release */ = {
			isa = XCBuildConfiguration;
			buildSettings = {
				ALWAYS_EMBED_SWIFT_STANDARD_LIBRARIES = YES;
				BUNDLE_LOADER = "$(TEST_HOST)";
				CODE_SIGN_STYLE = Automatic;
				DEVELOPMENT_TEAM = 9WAE633KC5;
				INFOPLIST_FILE = "Football LeagueTests/Info.plist";
				IPHONEOS_DEPLOYMENT_TARGET = 14.0;
				LD_RUNPATH_SEARCH_PATHS = (
					"$(inherited)",
					"@executable_path/Frameworks",
					"@loader_path/Frameworks",
				);
				PRODUCT_BUNDLE_IDENTIFIER = "Com.Talentsarena.Football.Football-LeagueTests";
				PRODUCT_NAME = "$(TARGET_NAME)";
				SWIFT_VERSION = 5.0;
				TARGETED_DEVICE_FAMILY = "1,2";
				TEST_HOST = "$(BUILT_PRODUCTS_DIR)/Football League.app/Football League";
			};
			name = Release;
		};
		E79657B72575ADD700EEB79A /* Debug */ = {
			isa = XCBuildConfiguration;
			buildSettings = {
				ALWAYS_EMBED_SWIFT_STANDARD_LIBRARIES = YES;
				CODE_SIGN_STYLE = Automatic;
				DEVELOPMENT_TEAM = 9WAE633KC5;
				INFOPLIST_FILE = "Football LeagueUITests/Info.plist";
				LD_RUNPATH_SEARCH_PATHS = (
					"$(inherited)",
					"@executable_path/Frameworks",
					"@loader_path/Frameworks",
				);
				PRODUCT_BUNDLE_IDENTIFIER = "Com.Talentsarena.Football.Football-LeagueUITests";
				PRODUCT_NAME = "$(TARGET_NAME)";
				SWIFT_VERSION = 5.0;
				TARGETED_DEVICE_FAMILY = "1,2";
				TEST_TARGET_NAME = "Football League";
			};
			name = Debug;
		};
		E79657B82575ADD700EEB79A /* Release */ = {
			isa = XCBuildConfiguration;
			buildSettings = {
				ALWAYS_EMBED_SWIFT_STANDARD_LIBRARIES = YES;
				CODE_SIGN_STYLE = Automatic;
				DEVELOPMENT_TEAM = 9WAE633KC5;
				INFOPLIST_FILE = "Football LeagueUITests/Info.plist";
				LD_RUNPATH_SEARCH_PATHS = (
					"$(inherited)",
					"@executable_path/Frameworks",
					"@loader_path/Frameworks",
				);
				PRODUCT_BUNDLE_IDENTIFIER = "Com.Talentsarena.Football.Football-LeagueUITests";
				PRODUCT_NAME = "$(TARGET_NAME)";
				SWIFT_VERSION = 5.0;
				TARGETED_DEVICE_FAMILY = "1,2";
				TEST_TARGET_NAME = "Football League";
			};
			name = Release;
		};
/* End XCBuildConfiguration section */

/* Begin XCConfigurationList section */
		E79657812575ADD400EEB79A /* Build configuration list for PBXProject "Football League" */ = {
			isa = XCConfigurationList;
			buildConfigurations = (
				E79657AE2575ADD700EEB79A /* Debug */,
				E79657AF2575ADD700EEB79A /* Release */,
			);
			defaultConfigurationIsVisible = 0;
			defaultConfigurationName = Release;
		};
		E79657B02575ADD700EEB79A /* Build configuration list for PBXNativeTarget "Football League" */ = {
			isa = XCConfigurationList;
			buildConfigurations = (
				E79657B12575ADD700EEB79A /* Debug */,
				E79657B22575ADD700EEB79A /* Release */,
			);
			defaultConfigurationIsVisible = 0;
			defaultConfigurationName = Release;
		};
		E79657B32575ADD700EEB79A /* Build configuration list for PBXNativeTarget "Football LeagueTests" */ = {
			isa = XCConfigurationList;
			buildConfigurations = (
				E79657B42575ADD700EEB79A /* Debug */,
				E79657B52575ADD700EEB79A /* Release */,
			);
			defaultConfigurationIsVisible = 0;
			defaultConfigurationName = Release;
		};
		E79657B62575ADD700EEB79A /* Build configuration list for PBXNativeTarget "Football LeagueUITests" */ = {
			isa = XCConfigurationList;
			buildConfigurations = (
				E79657B72575ADD700EEB79A /* Debug */,
				E79657B82575ADD700EEB79A /* Release */,
			);
			defaultConfigurationIsVisible = 0;
			defaultConfigurationName = Release;
		};
/* End XCConfigurationList section */
	};
	rootObject = E796577E2575ADD400EEB79A /* Project object */;
}
